// !$*UTF8*$!
{
	archiveVersion = 1;
	classes = {
	};
	objectVersion = 51;
	objects = {

/* Begin PBXBuildFile section */
		844AC37323E85C6A0066006D /* RequestCodeRequest.swift in Sources */ = {isa = PBXBuildFile; fileRef = 844AC37223E85C6A0066006D /* RequestCodeRequest.swift */; };
		844AC37C23E861C50066006D /* GetVerifyedAddressesRequest.swift in Sources */ = {isa = PBXBuildFile; fileRef = 844AC37B23E861C50066006D /* GetVerifyedAddressesRequest.swift */; };
		844AC37E23E861D10066006D /* GetVerifyedAddressesResponseData.swift in Sources */ = {isa = PBXBuildFile; fileRef = 844AC37D23E861D10066006D /* GetVerifyedAddressesResponseData.swift */; };
		844AC38123E8637B0066006D /* ConfirmCodeRequest.swift in Sources */ = {isa = PBXBuildFile; fileRef = 844AC38023E8637B0066006D /* ConfirmCodeRequest.swift */; };
		844AC38323E8641B0066006D /* ConfirmCodeResponseData.swift in Sources */ = {isa = PBXBuildFile; fileRef = 844AC38223E8641B0066006D /* ConfirmCodeResponseData.swift */; };
		844AC38623E865260066006D /* LoginRequest.swift in Sources */ = {isa = PBXBuildFile; fileRef = 844AC38523E865260066006D /* LoginRequest.swift */; };
		844AC38823E8652F0066006D /* LoginResponseData.swift in Sources */ = {isa = PBXBuildFile; fileRef = 844AC38723E8652F0066006D /* LoginResponseData.swift */; };
		844AC38B23E866710066006D /* RegisterTokenRequest.swift in Sources */ = {isa = PBXBuildFile; fileRef = 844AC38A23E866710066006D /* RegisterTokenRequest.swift */; };
		844AC38E23E867840066006D /* IntercomTokenRequest.swift in Sources */ = {isa = PBXBuildFile; fileRef = 844AC38D23E867840066006D /* IntercomTokenRequest.swift */; };
		844AC39023E867950066006D /* IntercomTokenResponseData.swift in Sources */ = {isa = PBXBuildFile; fileRef = 844AC38F23E867950066006D /* IntercomTokenResponseData.swift */; };
		844AC39223E872F80066006D /* EmptyAPIResponseData.swift in Sources */ = {isa = PBXBuildFile; fileRef = 844AC39123E872F80066006D /* EmptyAPIResponseData.swift */; };
		844AC39523E977810066006D /* AccessService.swift in Sources */ = {isa = PBXBuildFile; fileRef = 844AC39423E977810066006D /* AccessService.swift */; };
		844AC39723E9788D0066006D /* APIAddress.swift in Sources */ = {isa = PBXBuildFile; fileRef = 844AC39623E9788D0066006D /* APIAddress.swift */; };
		844AC39D23E987360066006D /* IncomingCallViewController.swift in Sources */ = {isa = PBXBuildFile; fileRef = 844AC39B23E987360066006D /* IncomingCallViewController.swift */; };
		844AC3A023E987400066006D /* IncomingCallViewModel.swift in Sources */ = {isa = PBXBuildFile; fileRef = 844AC39F23E987400066006D /* IncomingCallViewModel.swift */; };
		844AC3AD23E9BBA50066006D /* UIImage+Extensions.swift in Sources */ = {isa = PBXBuildFile; fileRef = 844AC3AC23E9BBA50066006D /* UIImage+Extensions.swift */; };
		844AC3B123EAD0930066006D /* IncomingCallState.swift in Sources */ = {isa = PBXBuildFile; fileRef = 844AC3B023EAD0930066006D /* IncomingCallState.swift */; };
		844AC3B323EAD09B0066006D /* IncomingCallDoorState.swift in Sources */ = {isa = PBXBuildFile; fileRef = 844AC3B223EAD09B0066006D /* IncomingCallDoorState.swift */; };
		844AC3B723EB104E0066006D /* UserNameViewController.swift in Sources */ = {isa = PBXBuildFile; fileRef = 844AC3B523EB104E0066006D /* UserNameViewController.swift */; };
		844AC3B823EB104E0066006D /* UserNameViewController.xib in Resources */ = {isa = PBXBuildFile; fileRef = 844AC3B623EB104E0066006D /* UserNameViewController.xib */; };
		844AC3BA23EB105A0066006D /* UserNameViewModel.swift in Sources */ = {isa = PBXBuildFile; fileRef = 844AC3B923EB105A0066006D /* UserNameViewModel.swift */; };
		844AC3BC23EB15ED0066006D /* UIFont+Extensions.swift in Sources */ = {isa = PBXBuildFile; fileRef = 844AC3BB23EB15ED0066006D /* UIFont+Extensions.swift */; };
		844AC3C323EB1CCF0066006D /* NSAttributedString+Extensions.swift in Sources */ = {isa = PBXBuildFile; fileRef = 844AC3C223EB1CCF0066006D /* NSAttributedString+Extensions.swift */; };
		844AC3C523EB1F840066006D /* UIView+Extensions.swift in Sources */ = {isa = PBXBuildFile; fileRef = 844AC3C423EB1F840066006D /* UIView+Extensions.swift */; };
		844AC3C823EBFC4B0066006D /* MainTabBarCoordinator.swift in Sources */ = {isa = PBXBuildFile; fileRef = 844AC3C723EBFC4B0066006D /* MainTabBarCoordinator.swift */; };
		844AC3CF23EBFD220066006D /* HomeCoordinator.swift in Sources */ = {isa = PBXBuildFile; fileRef = 844AC3CE23EBFD220066006D /* HomeCoordinator.swift */; };
		844AC3D523EBFDAF0066006D /* AddressesListViewModel.swift in Sources */ = {isa = PBXBuildFile; fileRef = 844AC3D423EBFDAF0066006D /* AddressesListViewModel.swift */; };
		844AC3D823EBFE060066006D /* ChatCoordinator.swift in Sources */ = {isa = PBXBuildFile; fileRef = 844AC3D723EBFE060066006D /* ChatCoordinator.swift */; };
		844AC3DB23EBFE140066006D /* ChatViewController.swift in Sources */ = {isa = PBXBuildFile; fileRef = 844AC3D923EBFE140066006D /* ChatViewController.swift */; };
		844AC3DC23EBFE140066006D /* ChatViewController.xib in Resources */ = {isa = PBXBuildFile; fileRef = 844AC3DA23EBFE140066006D /* ChatViewController.xib */; };
		844AC3DE23EBFE1E0066006D /* ChatViewModel.swift in Sources */ = {isa = PBXBuildFile; fileRef = 844AC3DD23EBFE1E0066006D /* ChatViewModel.swift */; };
		844AC3E823EBFEC50066006D /* PaymentsViewController.swift in Sources */ = {isa = PBXBuildFile; fileRef = 844AC3E623EBFEC50066006D /* PaymentsViewController.swift */; };
		844AC3E923EBFEC50066006D /* PaymentsViewController.xib in Resources */ = {isa = PBXBuildFile; fileRef = 844AC3E723EBFEC50066006D /* PaymentsViewController.xib */; };
		844AC3EB23EBFED20066006D /* PaymentsViewModel.swift in Sources */ = {isa = PBXBuildFile; fileRef = 844AC3EA23EBFED20066006D /* PaymentsViewModel.swift */; };
		844AC3ED23EBFF0E0066006D /* PaymentsCoordinator.swift in Sources */ = {isa = PBXBuildFile; fileRef = 844AC3EC23EBFF0E0066006D /* PaymentsCoordinator.swift */; };
		844AC3EF23EBFF5E0066006D /* SettingsCoordinator.swift in Sources */ = {isa = PBXBuildFile; fileRef = 844AC3EE23EBFF5E0066006D /* SettingsCoordinator.swift */; };
		844AC3F523EBFF900066006D /* SettingsViewController.swift in Sources */ = {isa = PBXBuildFile; fileRef = 844AC3F323EBFF900066006D /* SettingsViewController.swift */; };
		844AC3F623EBFF900066006D /* SettingsViewController.xib in Resources */ = {isa = PBXBuildFile; fileRef = 844AC3F423EBFF900066006D /* SettingsViewController.xib */; };
		844AC3F823EBFF9B0066006D /* SettingsViewModel.swift in Sources */ = {isa = PBXBuildFile; fileRef = 844AC3F723EBFF9B0066006D /* SettingsViewModel.swift */; };
		844AC3FC23EC08E50066006D /* IncomingCallViewController.xib in Resources */ = {isa = PBXBuildFile; fileRef = E9A4D47923EC04EF0070A591 /* IncomingCallViewController.xib */; };
		844AC3FD23EC08FF0066006D /* SourceSansPro-Bold.ttf in Resources */ = {isa = PBXBuildFile; fileRef = E99EA6C123EAA72800BECEE6 /* SourceSansPro-Bold.ttf */; };
		844AC3FE23EC09020066006D /* SourceSansPro-SemiBold.ttf in Resources */ = {isa = PBXBuildFile; fileRef = E99EA6C023EAA71C00BECEE6 /* SourceSansPro-SemiBold.ttf */; };
		844AC3FF23EC09040066006D /* SourceSansPro-Regular.ttf in Resources */ = {isa = PBXBuildFile; fileRef = E99EA6BF23EAA70900BECEE6 /* SourceSansPro-Regular.ttf */; };
		84898A7C23F13E4700E6B78E /* AddressesListViewController.swift in Sources */ = {isa = PBXBuildFile; fileRef = 84CC15D523EC412A00A1CB95 /* AddressesListViewController.swift */; };
		84898A7D23F13E5A00E6B78E /* AddressesListViewController.xib in Resources */ = {isa = PBXBuildFile; fileRef = 844AC3D123EBFDA30066006D /* AddressesListViewController.xib */; };
		84898A8123F144FA00E6B78E /* SettingsHeaderCell.swift in Sources */ = {isa = PBXBuildFile; fileRef = 84898A7F23F144FA00E6B78E /* SettingsHeaderCell.swift */; };
		84898A8223F144FA00E6B78E /* SettingsHeaderCell.xib in Resources */ = {isa = PBXBuildFile; fileRef = 84898A8023F144FA00E6B78E /* SettingsHeaderCell.xib */; };
		84950CF623E41FD800F3C550 /* AccountCreator+Extensions.swift in Sources */ = {isa = PBXBuildFile; fileRef = 84950CF523E41FD800F3C550 /* AccountCreator+Extensions.swift */; };
		84950CFA23E431CB00F3C550 /* Animation+Fade.swift in Sources */ = {isa = PBXBuildFile; fileRef = 84950CF923E431CB00F3C550 /* Animation+Fade.swift */; };
		84AA8D4623E2CD3F001B3B43 /* APIService.swift in Sources */ = {isa = PBXBuildFile; fileRef = 84AA8D4523E2CD3F001B3B43 /* APIService.swift */; };
		84AA8D4823E2CD48001B3B43 /* APITarget.swift in Sources */ = {isa = PBXBuildFile; fileRef = 84AA8D4723E2CD48001B3B43 /* APITarget.swift */; };
		84AA8D4A23E2CD5E001B3B43 /* BaseRequestRetrier.swift in Sources */ = {isa = PBXBuildFile; fileRef = 84AA8D4923E2CD5E001B3B43 /* BaseRequestRetrier.swift */; };
		84AA8D5B23E2CEC5001B3B43 /* BaseAPIResponse.swift in Sources */ = {isa = PBXBuildFile; fileRef = 84AA8D5A23E2CEC5001B3B43 /* BaseAPIResponse.swift */; };
		84AA8D6023E2E622001B3B43 /* APIWrapper.swift in Sources */ = {isa = PBXBuildFile; fileRef = 84AA8D5F23E2E622001B3B43 /* APIWrapper.swift */; };
		84AA8D6223E2E860001B3B43 /* NSError+Extensions.swift in Sources */ = {isa = PBXBuildFile; fileRef = 84AA8D6123E2E860001B3B43 /* NSError+Extensions.swift */; };
		84AA8D6623E2F2A8001B3B43 /* TransportType+Extensions.swift in Sources */ = {isa = PBXBuildFile; fileRef = 84AA8D6523E2F2A8001B3B43 /* TransportType+Extensions.swift */; };
		84AA8D6A23E2F359001B3B43 /* CallPayload.swift in Sources */ = {isa = PBXBuildFile; fileRef = 84AA8D6923E2F359001B3B43 /* CallPayload.swift */; };
		84AA8D7D23E30C2B001B3B43 /* BaseViewController.swift in Sources */ = {isa = PBXBuildFile; fileRef = 84AA8D7C23E30C2B001B3B43 /* BaseViewController.swift */; };
		84AA8D7F23E30C32001B3B43 /* BaseViewModel.swift in Sources */ = {isa = PBXBuildFile; fileRef = 84AA8D7E23E30C32001B3B43 /* BaseViewModel.swift */; };
		84B9EC8C23E085AE00979C39 /* Observable+Extensions.swift in Sources */ = {isa = PBXBuildFile; fileRef = 84B9EC8B23E085AE00979C39 /* Observable+Extensions.swift */; };
		84B9EC8E23E085DF00979C39 /* AppCoordinator.swift in Sources */ = {isa = PBXBuildFile; fileRef = 84B9EC8D23E085DF00979C39 /* AppCoordinator.swift */; };
		84B9EC9423E0884400979C39 /* LinphoneDelegate.swift in Sources */ = {isa = PBXBuildFile; fileRef = 84B9EC8F23E0884400979C39 /* LinphoneDelegate.swift */; };
		84B9EC9523E0884400979C39 /* LinphoneService.swift in Sources */ = {isa = PBXBuildFile; fileRef = 84B9EC9023E0884400979C39 /* LinphoneService.swift */; };
		84B9EC9623E0884400979C39 /* linphonerc_factory in Resources */ = {isa = PBXBuildFile; fileRef = 84B9EC9123E0884400979C39 /* linphonerc_factory */; };
		84B9EC9723E0884400979C39 /* linphonerc_default in Resources */ = {isa = PBXBuildFile; fileRef = 84B9EC9223E0884400979C39 /* linphonerc_default */; };
		84B9EC9A23E0888B00979C39 /* SipConfig.swift in Sources */ = {isa = PBXBuildFile; fileRef = 84B9EC9923E0888B00979C39 /* SipConfig.swift */; };
		84B9EC9C23E089C500979C39 /* GoogleService-Info.plist in Resources */ = {isa = PBXBuildFile; fileRef = 84B9EC9B23E089C500979C39 /* GoogleService-Info.plist */; };
		84CC15C323EC321C00A1CB95 /* AddressesListHeaderCell.xib in Resources */ = {isa = PBXBuildFile; fileRef = 84CC15C123EC321C00A1CB95 /* AddressesListHeaderCell.xib */; };
		84CC15C923EC345800A1CB95 /* AddressesListDataItem.swift in Sources */ = {isa = PBXBuildFile; fileRef = 84CC15C823EC345800A1CB95 /* AddressesListDataItem.swift */; };
		84CC15CB23EC350100A1CB95 /* AddressesListDataItemIdentity.swift in Sources */ = {isa = PBXBuildFile; fileRef = 84CC15CA23EC350100A1CB95 /* AddressesListDataItemIdentity.swift */; };
		84CC15CD23EC35D400A1CB95 /* AddressesListSectionModel.swift in Sources */ = {isa = PBXBuildFile; fileRef = 84CC15CC23EC35D400A1CB95 /* AddressesListSectionModel.swift */; };
		84CC15D123EC409500A1CB95 /* AddressesListObjectCell.swift in Sources */ = {isa = PBXBuildFile; fileRef = 84CC15CF23EC409500A1CB95 /* AddressesListObjectCell.swift */; };
		84CC15D223EC409500A1CB95 /* AddressesListObjectCell.xib in Resources */ = {isa = PBXBuildFile; fileRef = 84CC15D023EC409500A1CB95 /* AddressesListObjectCell.xib */; };
		84CC15D423EC40EE00A1CB95 /* AddressesListHeaderCell.swift in Sources */ = {isa = PBXBuildFile; fileRef = 84CC15D323EC40EE00A1CB95 /* AddressesListHeaderCell.swift */; };
		84CC15D823EC42E600A1CB95 /* DomophoneObjectType.swift in Sources */ = {isa = PBXBuildFile; fileRef = 84CC15D723EC42E600A1CB95 /* DomophoneObjectType.swift */; };
		84CC15DC23EC6AA800A1CB95 /* AddressesListCameraCell.swift in Sources */ = {isa = PBXBuildFile; fileRef = 84CC15DA23EC6AA800A1CB95 /* AddressesListCameraCell.swift */; };
		84CC15DD23EC6AA800A1CB95 /* AddressesListCameraCell.xib in Resources */ = {isa = PBXBuildFile; fileRef = 84CC15DB23EC6AA800A1CB95 /* AddressesListCameraCell.xib */; };
		84CC15E123EC7FAB00A1CB95 /* CustomBorderCollectionViewCell.swift in Sources */ = {isa = PBXBuildFile; fileRef = 84CC15E023EC7FAB00A1CB95 /* CustomBorderCollectionViewCell.swift */; };
		84CC15E323EC86D900A1CB95 /* ObjectLockButton.swift in Sources */ = {isa = PBXBuildFile; fileRef = 84CC15E223EC86D900A1CB95 /* ObjectLockButton.swift */; };
		84CC15E523EC999700A1CB95 /* AddressesListScrollingMode.swift in Sources */ = {isa = PBXBuildFile; fileRef = 84CC15E423EC999700A1CB95 /* AddressesListScrollingMode.swift */; };
		84CC15E923ED5E4B00A1CB95 /* CACornerMask+Extensions.swift in Sources */ = {isa = PBXBuildFile; fileRef = 84CC15E823ED5E4B00A1CB95 /* CACornerMask+Extensions.swift */; };
		84CC15ED23ED682C00A1CB95 /* CustomTabBarController.xib in Resources */ = {isa = PBXBuildFile; fileRef = 84CC15EB23ED682C00A1CB95 /* CustomTabBarController.xib */; };
		84CC15EF23ED75B100A1CB95 /* TabBarTransitions.swift in Sources */ = {isa = PBXBuildFile; fileRef = 84CC15EE23ED75B100A1CB95 /* TabBarTransitions.swift */; };
		84F840D623E07DA5008DBE50 /* AppDelegate.swift in Sources */ = {isa = PBXBuildFile; fileRef = 84F840D523E07DA5008DBE50 /* AppDelegate.swift */; };
		84F840DD23E07DA5008DBE50 /* Assets.xcassets in Resources */ = {isa = PBXBuildFile; fileRef = 84F840DC23E07DA5008DBE50 /* Assets.xcassets */; };
		84F840E023E07DA5008DBE50 /* LaunchScreen.storyboard in Resources */ = {isa = PBXBuildFile; fileRef = 84F840DE23E07DA5008DBE50 /* LaunchScreen.storyboard */; };
		85E437EBD8028F17EA854687 /* Pods_SmartYard.framework in Frameworks */ = {isa = PBXBuildFile; fileRef = 3264A75344A37C60971E215B /* Pods_SmartYard.framework */; };
		E98C382123F144E50010BBC1 /* UIColor+Extensions.swift in Sources */ = {isa = PBXBuildFile; fileRef = E98C382023F144E50010BBC1 /* UIColor+Extensions.swift */; };
		E98C382323F1452D0010BBC1 /* PinCodeViewController+Timer.swift in Sources */ = {isa = PBXBuildFile; fileRef = E98C382223F1452D0010BBC1 /* PinCodeViewController+Timer.swift */; };
		E98C382523F149F30010BBC1 /* PinCodeViewController.xib in Resources */ = {isa = PBXBuildFile; fileRef = E98C382423F149F30010BBC1 /* PinCodeViewController.xib */; };
		E98C382923F173480010BBC1 /* ClearButtonWithDashedUnderline.swift in Sources */ = {isa = PBXBuildFile; fileRef = E98C382823F173480010BBC1 /* ClearButtonWithDashedUnderline.swift */; };
		E98C382D23F180530010BBC1 /* TopRoundedView.swift in Sources */ = {isa = PBXBuildFile; fileRef = E98C382C23F180530010BBC1 /* TopRoundedView.swift */; };
		E98C383123F181610010BBC1 /* AuthByContractNumViewModel.swift in Sources */ = {isa = PBXBuildFile; fileRef = E98C383023F181610010BBC1 /* AuthByContractNumViewModel.swift */; };
		E99EA6BA23EA9D4400BECEE6 /* InputPhoneNumberViewController.swift in Sources */ = {isa = PBXBuildFile; fileRef = E99EA6B823EA9D4400BECEE6 /* InputPhoneNumberViewController.swift */; };
		E99EA6BB23EA9D4400BECEE6 /* InputPhoneNumberViewController.xib in Resources */ = {isa = PBXBuildFile; fileRef = E99EA6B923EA9D4400BECEE6 /* InputPhoneNumberViewController.xib */; };
		E99EA6C323EAA97900BECEE6 /* InputPhoneNumberViewModel.swift in Sources */ = {isa = PBXBuildFile; fileRef = E99EA6C223EAA97900BECEE6 /* InputPhoneNumberViewModel.swift */; };
		E99EA6C723EACD3900BECEE6 /* PhoneTextField.xib in Resources */ = {isa = PBXBuildFile; fileRef = E99EA6C623EACD3900BECEE6 /* PhoneTextField.xib */; };
		E99EA6C923EACD4B00BECEE6 /* PhoneTextField.swift in Sources */ = {isa = PBXBuildFile; fileRef = E99EA6C823EACD4B00BECEE6 /* PhoneTextField.swift */; };
		E99EA6CF23EAD2BB00BECEE6 /* NumberFieldView.xib in Resources */ = {isa = PBXBuildFile; fileRef = E99EA6CE23EAD2BB00BECEE6 /* NumberFieldView.xib */; };
		E99EA6D123EAD2CE00BECEE6 /* NumberFieldView.swift in Sources */ = {isa = PBXBuildFile; fileRef = E99EA6D023EAD2CE00BECEE6 /* NumberFieldView.swift */; };
		E9A4D47C23EC19110070A591 /* Constants.swift in Sources */ = {isa = PBXBuildFile; fileRef = E9A4D47B23EC19110070A591 /* Constants.swift */; };
		E9A4D48323EC229F0070A591 /* PinCodeViewModel.swift in Sources */ = {isa = PBXBuildFile; fileRef = E9A4D48223EC229F0070A591 /* PinCodeViewModel.swift */; };
		E9A4D48A23EC27E20070A591 /* PinNumberField.swift in Sources */ = {isa = PBXBuildFile; fileRef = E9A4D48923EC27E20070A591 /* PinNumberField.swift */; };
		E9A4D48C23EC28760070A591 /* PinNumberField.xib in Resources */ = {isa = PBXBuildFile; fileRef = E9A4D48B23EC28760070A591 /* PinNumberField.xib */; };
		E9A4D48F23EC2A6B0070A591 /* PinTextField.swift in Sources */ = {isa = PBXBuildFile; fileRef = E9A4D48E23EC2A6B0070A591 /* PinTextField.swift */; };
		E9A4D49123EC2A780070A591 /* PinTextField.xib in Resources */ = {isa = PBXBuildFile; fileRef = E9A4D49023EC2A780070A591 /* PinTextField.xib */; };
		E9A4D49523EC2CC20070A591 /* PinCodeViewController.swift in Sources */ = {isa = PBXBuildFile; fileRef = E9A4D49323EC2CC10070A591 /* PinCodeViewController.swift */; };
		E9A4D49A23EC3E200070A591 /* BlueButton.swift in Sources */ = {isa = PBXBuildFile; fileRef = E9A4D49923EC3E200070A591 /* BlueButton.swift */; };
		E9A4D4A123ED6FC20070A591 /* SmartYardTextField.swift in Sources */ = {isa = PBXBuildFile; fileRef = E9A4D4A023ED6FC20070A591 /* SmartYardTextField.swift */; };
		E9A4D4A423ED75D20070A591 /* AuthByContractNumViewController.swift in Sources */ = {isa = PBXBuildFile; fileRef = E9A4D4A223ED75D20070A591 /* AuthByContractNumViewController.swift */; };
		E9A4D4A523ED75D20070A591 /* AuthByContractNumViewController.xib in Resources */ = {isa = PBXBuildFile; fileRef = E9A4D4A323ED75D20070A591 /* AuthByContractNumViewController.xib */; };
		E9A4D4A823ED9C110070A591 /* WhiteButtonWithBorder.swift in Sources */ = {isa = PBXBuildFile; fileRef = E9A4D4A723ED9C110070A591 /* WhiteButtonWithBorder.swift */; };
/* End PBXBuildFile section */

/* Begin PBXFileReference section */
		3264A75344A37C60971E215B /* Pods_SmartYard.framework */ = {isa = PBXFileReference; explicitFileType = wrapper.framework; includeInIndex = 0; path = Pods_SmartYard.framework; sourceTree = BUILT_PRODUCTS_DIR; };
		66E82B501F734243E965E787 /* Pods-SmartYard.debug.xcconfig */ = {isa = PBXFileReference; includeInIndex = 1; lastKnownFileType = text.xcconfig; name = "Pods-SmartYard.debug.xcconfig"; path = "Target Support Files/Pods-SmartYard/Pods-SmartYard.debug.xcconfig"; sourceTree = "<group>"; };
		844AC37223E85C6A0066006D /* RequestCodeRequest.swift */ = {isa = PBXFileReference; lastKnownFileType = sourcecode.swift; path = RequestCodeRequest.swift; sourceTree = "<group>"; };
		844AC37B23E861C50066006D /* GetVerifyedAddressesRequest.swift */ = {isa = PBXFileReference; lastKnownFileType = sourcecode.swift; path = GetVerifyedAddressesRequest.swift; sourceTree = "<group>"; };
		844AC37D23E861D10066006D /* GetVerifyedAddressesResponseData.swift */ = {isa = PBXFileReference; lastKnownFileType = sourcecode.swift; path = GetVerifyedAddressesResponseData.swift; sourceTree = "<group>"; };
		844AC38023E8637B0066006D /* ConfirmCodeRequest.swift */ = {isa = PBXFileReference; lastKnownFileType = sourcecode.swift; path = ConfirmCodeRequest.swift; sourceTree = "<group>"; };
		844AC38223E8641B0066006D /* ConfirmCodeResponseData.swift */ = {isa = PBXFileReference; lastKnownFileType = sourcecode.swift; path = ConfirmCodeResponseData.swift; sourceTree = "<group>"; };
		844AC38523E865260066006D /* LoginRequest.swift */ = {isa = PBXFileReference; lastKnownFileType = sourcecode.swift; path = LoginRequest.swift; sourceTree = "<group>"; };
		844AC38723E8652F0066006D /* LoginResponseData.swift */ = {isa = PBXFileReference; lastKnownFileType = sourcecode.swift; path = LoginResponseData.swift; sourceTree = "<group>"; };
		844AC38A23E866710066006D /* RegisterTokenRequest.swift */ = {isa = PBXFileReference; lastKnownFileType = sourcecode.swift; path = RegisterTokenRequest.swift; sourceTree = "<group>"; };
		844AC38D23E867840066006D /* IntercomTokenRequest.swift */ = {isa = PBXFileReference; lastKnownFileType = sourcecode.swift; path = IntercomTokenRequest.swift; sourceTree = "<group>"; };
		844AC38F23E867950066006D /* IntercomTokenResponseData.swift */ = {isa = PBXFileReference; lastKnownFileType = sourcecode.swift; path = IntercomTokenResponseData.swift; sourceTree = "<group>"; };
		844AC39123E872F80066006D /* EmptyAPIResponseData.swift */ = {isa = PBXFileReference; lastKnownFileType = sourcecode.swift; path = EmptyAPIResponseData.swift; sourceTree = "<group>"; };
		844AC39423E977810066006D /* AccessService.swift */ = {isa = PBXFileReference; lastKnownFileType = sourcecode.swift; path = AccessService.swift; sourceTree = "<group>"; };
		844AC39623E9788D0066006D /* APIAddress.swift */ = {isa = PBXFileReference; lastKnownFileType = sourcecode.swift; path = APIAddress.swift; sourceTree = "<group>"; };
		844AC39B23E987360066006D /* IncomingCallViewController.swift */ = {isa = PBXFileReference; lastKnownFileType = sourcecode.swift; path = IncomingCallViewController.swift; sourceTree = "<group>"; };
		844AC39F23E987400066006D /* IncomingCallViewModel.swift */ = {isa = PBXFileReference; lastKnownFileType = sourcecode.swift; path = IncomingCallViewModel.swift; sourceTree = "<group>"; };
		844AC3AC23E9BBA50066006D /* UIImage+Extensions.swift */ = {isa = PBXFileReference; lastKnownFileType = sourcecode.swift; path = "UIImage+Extensions.swift"; sourceTree = "<group>"; };
		844AC3B023EAD0930066006D /* IncomingCallState.swift */ = {isa = PBXFileReference; lastKnownFileType = sourcecode.swift; path = IncomingCallState.swift; sourceTree = "<group>"; };
		844AC3B223EAD09B0066006D /* IncomingCallDoorState.swift */ = {isa = PBXFileReference; lastKnownFileType = sourcecode.swift; path = IncomingCallDoorState.swift; sourceTree = "<group>"; };
		844AC3B523EB104E0066006D /* UserNameViewController.swift */ = {isa = PBXFileReference; lastKnownFileType = sourcecode.swift; path = UserNameViewController.swift; sourceTree = "<group>"; };
		844AC3B623EB104E0066006D /* UserNameViewController.xib */ = {isa = PBXFileReference; lastKnownFileType = file.xib; path = UserNameViewController.xib; sourceTree = "<group>"; };
		844AC3B923EB105A0066006D /* UserNameViewModel.swift */ = {isa = PBXFileReference; lastKnownFileType = sourcecode.swift; path = UserNameViewModel.swift; sourceTree = "<group>"; };
		844AC3BB23EB15ED0066006D /* UIFont+Extensions.swift */ = {isa = PBXFileReference; lastKnownFileType = sourcecode.swift; path = "UIFont+Extensions.swift"; sourceTree = "<group>"; };
		844AC3C223EB1CCF0066006D /* NSAttributedString+Extensions.swift */ = {isa = PBXFileReference; lastKnownFileType = sourcecode.swift; path = "NSAttributedString+Extensions.swift"; sourceTree = "<group>"; };
		844AC3C423EB1F840066006D /* UIView+Extensions.swift */ = {isa = PBXFileReference; lastKnownFileType = sourcecode.swift; path = "UIView+Extensions.swift"; sourceTree = "<group>"; };
		844AC3C723EBFC4B0066006D /* MainTabBarCoordinator.swift */ = {isa = PBXFileReference; lastKnownFileType = sourcecode.swift; path = MainTabBarCoordinator.swift; sourceTree = "<group>"; };
		844AC3CE23EBFD220066006D /* HomeCoordinator.swift */ = {isa = PBXFileReference; lastKnownFileType = sourcecode.swift; path = HomeCoordinator.swift; sourceTree = "<group>"; };
		844AC3D123EBFDA30066006D /* AddressesListViewController.xib */ = {isa = PBXFileReference; lastKnownFileType = file.xib; path = AddressesListViewController.xib; sourceTree = "<group>"; };
		844AC3D423EBFDAF0066006D /* AddressesListViewModel.swift */ = {isa = PBXFileReference; lastKnownFileType = sourcecode.swift; path = AddressesListViewModel.swift; sourceTree = "<group>"; };
		844AC3D723EBFE060066006D /* ChatCoordinator.swift */ = {isa = PBXFileReference; lastKnownFileType = sourcecode.swift; path = ChatCoordinator.swift; sourceTree = "<group>"; };
		844AC3D923EBFE140066006D /* ChatViewController.swift */ = {isa = PBXFileReference; lastKnownFileType = sourcecode.swift; path = ChatViewController.swift; sourceTree = "<group>"; };
		844AC3DA23EBFE140066006D /* ChatViewController.xib */ = {isa = PBXFileReference; lastKnownFileType = file.xib; path = ChatViewController.xib; sourceTree = "<group>"; };
		844AC3DD23EBFE1E0066006D /* ChatViewModel.swift */ = {isa = PBXFileReference; lastKnownFileType = sourcecode.swift; path = ChatViewModel.swift; sourceTree = "<group>"; };
		844AC3E623EBFEC50066006D /* PaymentsViewController.swift */ = {isa = PBXFileReference; lastKnownFileType = sourcecode.swift; path = PaymentsViewController.swift; sourceTree = "<group>"; };
		844AC3E723EBFEC50066006D /* PaymentsViewController.xib */ = {isa = PBXFileReference; lastKnownFileType = file.xib; path = PaymentsViewController.xib; sourceTree = "<group>"; };
		844AC3EA23EBFED20066006D /* PaymentsViewModel.swift */ = {isa = PBXFileReference; lastKnownFileType = sourcecode.swift; path = PaymentsViewModel.swift; sourceTree = "<group>"; };
		844AC3EC23EBFF0E0066006D /* PaymentsCoordinator.swift */ = {isa = PBXFileReference; lastKnownFileType = sourcecode.swift; path = PaymentsCoordinator.swift; sourceTree = "<group>"; };
		844AC3EE23EBFF5E0066006D /* SettingsCoordinator.swift */ = {isa = PBXFileReference; lastKnownFileType = sourcecode.swift; path = SettingsCoordinator.swift; sourceTree = "<group>"; };
		844AC3F323EBFF900066006D /* SettingsViewController.swift */ = {isa = PBXFileReference; lastKnownFileType = sourcecode.swift; path = SettingsViewController.swift; sourceTree = "<group>"; };
		844AC3F423EBFF900066006D /* SettingsViewController.xib */ = {isa = PBXFileReference; lastKnownFileType = file.xib; path = SettingsViewController.xib; sourceTree = "<group>"; };
		844AC3F723EBFF9B0066006D /* SettingsViewModel.swift */ = {isa = PBXFileReference; lastKnownFileType = sourcecode.swift; path = SettingsViewModel.swift; sourceTree = "<group>"; };
		84898A7F23F144FA00E6B78E /* SettingsHeaderCell.swift */ = {isa = PBXFileReference; lastKnownFileType = sourcecode.swift; path = SettingsHeaderCell.swift; sourceTree = "<group>"; };
		84898A8023F144FA00E6B78E /* SettingsHeaderCell.xib */ = {isa = PBXFileReference; lastKnownFileType = file.xib; path = SettingsHeaderCell.xib; sourceTree = "<group>"; };
		84950CF523E41FD800F3C550 /* AccountCreator+Extensions.swift */ = {isa = PBXFileReference; lastKnownFileType = sourcecode.swift; path = "AccountCreator+Extensions.swift"; sourceTree = "<group>"; };
		84950CF923E431CB00F3C550 /* Animation+Fade.swift */ = {isa = PBXFileReference; lastKnownFileType = sourcecode.swift; path = "Animation+Fade.swift"; sourceTree = "<group>"; };
		84AA8D4523E2CD3F001B3B43 /* APIService.swift */ = {isa = PBXFileReference; lastKnownFileType = sourcecode.swift; path = APIService.swift; sourceTree = "<group>"; };
		84AA8D4723E2CD48001B3B43 /* APITarget.swift */ = {isa = PBXFileReference; lastKnownFileType = sourcecode.swift; path = APITarget.swift; sourceTree = "<group>"; };
		84AA8D4923E2CD5E001B3B43 /* BaseRequestRetrier.swift */ = {isa = PBXFileReference; lastKnownFileType = sourcecode.swift; path = BaseRequestRetrier.swift; sourceTree = "<group>"; };
		84AA8D5A23E2CEC5001B3B43 /* BaseAPIResponse.swift */ = {isa = PBXFileReference; lastKnownFileType = sourcecode.swift; path = BaseAPIResponse.swift; sourceTree = "<group>"; };
		84AA8D5F23E2E622001B3B43 /* APIWrapper.swift */ = {isa = PBXFileReference; lastKnownFileType = sourcecode.swift; path = APIWrapper.swift; sourceTree = "<group>"; };
		84AA8D6123E2E860001B3B43 /* NSError+Extensions.swift */ = {isa = PBXFileReference; lastKnownFileType = sourcecode.swift; path = "NSError+Extensions.swift"; sourceTree = "<group>"; };
		84AA8D6523E2F2A8001B3B43 /* TransportType+Extensions.swift */ = {isa = PBXFileReference; lastKnownFileType = sourcecode.swift; path = "TransportType+Extensions.swift"; sourceTree = "<group>"; };
		84AA8D6923E2F359001B3B43 /* CallPayload.swift */ = {isa = PBXFileReference; lastKnownFileType = sourcecode.swift; path = CallPayload.swift; sourceTree = "<group>"; };
		84AA8D7C23E30C2B001B3B43 /* BaseViewController.swift */ = {isa = PBXFileReference; lastKnownFileType = sourcecode.swift; path = BaseViewController.swift; sourceTree = "<group>"; };
		84AA8D7E23E30C32001B3B43 /* BaseViewModel.swift */ = {isa = PBXFileReference; lastKnownFileType = sourcecode.swift; path = BaseViewModel.swift; sourceTree = "<group>"; };
		84B9EC8B23E085AE00979C39 /* Observable+Extensions.swift */ = {isa = PBXFileReference; lastKnownFileType = sourcecode.swift; path = "Observable+Extensions.swift"; sourceTree = "<group>"; };
		84B9EC8D23E085DF00979C39 /* AppCoordinator.swift */ = {isa = PBXFileReference; lastKnownFileType = sourcecode.swift; path = AppCoordinator.swift; sourceTree = "<group>"; };
		84B9EC8F23E0884400979C39 /* LinphoneDelegate.swift */ = {isa = PBXFileReference; fileEncoding = 4; lastKnownFileType = sourcecode.swift; path = LinphoneDelegate.swift; sourceTree = "<group>"; };
		84B9EC9023E0884400979C39 /* LinphoneService.swift */ = {isa = PBXFileReference; fileEncoding = 4; lastKnownFileType = sourcecode.swift; path = LinphoneService.swift; sourceTree = "<group>"; };
		84B9EC9123E0884400979C39 /* linphonerc_factory */ = {isa = PBXFileReference; fileEncoding = 4; lastKnownFileType = text; path = linphonerc_factory; sourceTree = "<group>"; };
		84B9EC9223E0884400979C39 /* linphonerc_default */ = {isa = PBXFileReference; fileEncoding = 4; lastKnownFileType = text; path = linphonerc_default; sourceTree = "<group>"; };
		84B9EC9323E0884400979C39 /* SmartYard-Bridging-Header.h */ = {isa = PBXFileReference; fileEncoding = 4; lastKnownFileType = sourcecode.c.h; path = "SmartYard-Bridging-Header.h"; sourceTree = "<group>"; };
		84B9EC9923E0888B00979C39 /* SipConfig.swift */ = {isa = PBXFileReference; lastKnownFileType = sourcecode.swift; path = SipConfig.swift; sourceTree = "<group>"; };
		84B9EC9B23E089C500979C39 /* GoogleService-Info.plist */ = {isa = PBXFileReference; fileEncoding = 4; lastKnownFileType = text.plist.xml; path = "GoogleService-Info.plist"; sourceTree = "<group>"; };
		84B9EC9D23E08BB100979C39 /* SmartYard.entitlements */ = {isa = PBXFileReference; lastKnownFileType = text.plist.entitlements; path = SmartYard.entitlements; sourceTree = "<group>"; };
		84CC15C123EC321C00A1CB95 /* AddressesListHeaderCell.xib */ = {isa = PBXFileReference; lastKnownFileType = file.xib; path = AddressesListHeaderCell.xib; sourceTree = "<group>"; };
		84CC15C823EC345800A1CB95 /* AddressesListDataItem.swift */ = {isa = PBXFileReference; lastKnownFileType = sourcecode.swift; path = AddressesListDataItem.swift; sourceTree = "<group>"; };
		84CC15CA23EC350100A1CB95 /* AddressesListDataItemIdentity.swift */ = {isa = PBXFileReference; lastKnownFileType = sourcecode.swift; path = AddressesListDataItemIdentity.swift; sourceTree = "<group>"; };
		84CC15CC23EC35D400A1CB95 /* AddressesListSectionModel.swift */ = {isa = PBXFileReference; lastKnownFileType = sourcecode.swift; path = AddressesListSectionModel.swift; sourceTree = "<group>"; };
		84CC15CF23EC409500A1CB95 /* AddressesListObjectCell.swift */ = {isa = PBXFileReference; lastKnownFileType = sourcecode.swift; path = AddressesListObjectCell.swift; sourceTree = "<group>"; };
		84CC15D023EC409500A1CB95 /* AddressesListObjectCell.xib */ = {isa = PBXFileReference; lastKnownFileType = file.xib; path = AddressesListObjectCell.xib; sourceTree = "<group>"; };
		84CC15D323EC40EE00A1CB95 /* AddressesListHeaderCell.swift */ = {isa = PBXFileReference; fileEncoding = 4; lastKnownFileType = sourcecode.swift; path = AddressesListHeaderCell.swift; sourceTree = "<group>"; };
		84CC15D523EC412A00A1CB95 /* AddressesListViewController.swift */ = {isa = PBXFileReference; fileEncoding = 4; lastKnownFileType = sourcecode.swift; path = AddressesListViewController.swift; sourceTree = "<group>"; };
		84CC15D723EC42E600A1CB95 /* DomophoneObjectType.swift */ = {isa = PBXFileReference; lastKnownFileType = sourcecode.swift; path = DomophoneObjectType.swift; sourceTree = "<group>"; };
		84CC15DA23EC6AA800A1CB95 /* AddressesListCameraCell.swift */ = {isa = PBXFileReference; lastKnownFileType = sourcecode.swift; path = AddressesListCameraCell.swift; sourceTree = "<group>"; };
		84CC15DB23EC6AA800A1CB95 /* AddressesListCameraCell.xib */ = {isa = PBXFileReference; lastKnownFileType = file.xib; path = AddressesListCameraCell.xib; sourceTree = "<group>"; };
		84CC15E023EC7FAB00A1CB95 /* CustomBorderCollectionViewCell.swift */ = {isa = PBXFileReference; lastKnownFileType = sourcecode.swift; path = CustomBorderCollectionViewCell.swift; sourceTree = "<group>"; };
		84CC15E223EC86D900A1CB95 /* ObjectLockButton.swift */ = {isa = PBXFileReference; lastKnownFileType = sourcecode.swift; path = ObjectLockButton.swift; sourceTree = "<group>"; };
		84CC15E423EC999700A1CB95 /* AddressesListScrollingMode.swift */ = {isa = PBXFileReference; lastKnownFileType = sourcecode.swift; path = AddressesListScrollingMode.swift; sourceTree = "<group>"; };
		84CC15E823ED5E4B00A1CB95 /* CACornerMask+Extensions.swift */ = {isa = PBXFileReference; lastKnownFileType = sourcecode.swift; path = "CACornerMask+Extensions.swift"; sourceTree = "<group>"; };
		84CC15EB23ED682C00A1CB95 /* CustomTabBarController.xib */ = {isa = PBXFileReference; lastKnownFileType = file.xib; path = CustomTabBarController.xib; sourceTree = "<group>"; };
		84CC15EE23ED75B100A1CB95 /* TabBarTransitions.swift */ = {isa = PBXFileReference; lastKnownFileType = sourcecode.swift; path = TabBarTransitions.swift; sourceTree = "<group>"; };
		84F840D223E07DA5008DBE50 /* SmartYard.app */ = {isa = PBXFileReference; explicitFileType = wrapper.application; includeInIndex = 0; path = SmartYard.app; sourceTree = BUILT_PRODUCTS_DIR; };
		84F840D523E07DA5008DBE50 /* AppDelegate.swift */ = {isa = PBXFileReference; lastKnownFileType = sourcecode.swift; path = AppDelegate.swift; sourceTree = "<group>"; };
		84F840DC23E07DA5008DBE50 /* Assets.xcassets */ = {isa = PBXFileReference; lastKnownFileType = folder.assetcatalog; path = Assets.xcassets; sourceTree = "<group>"; };
		84F840DF23E07DA5008DBE50 /* Base */ = {isa = PBXFileReference; lastKnownFileType = file.storyboard; name = Base; path = Base.lproj/LaunchScreen.storyboard; sourceTree = "<group>"; };
		84F840E123E07DA5008DBE50 /* Info.plist */ = {isa = PBXFileReference; lastKnownFileType = text.plist.xml; path = Info.plist; sourceTree = "<group>"; };
		E98C381E23F142A50010BBC1 /* UIColor+Extensions.swift */ = {isa = PBXFileReference; fileEncoding = 4; lastKnownFileType = sourcecode.swift; path = "UIColor+Extensions.swift"; sourceTree = "<group>"; };
		E98C382023F144E50010BBC1 /* UIColor+Extensions.swift */ = {isa = PBXFileReference; fileEncoding = 4; lastKnownFileType = sourcecode.swift; path = "UIColor+Extensions.swift"; sourceTree = "<group>"; };
		E98C382223F1452D0010BBC1 /* PinCodeViewController+Timer.swift */ = {isa = PBXFileReference; fileEncoding = 4; lastKnownFileType = sourcecode.swift; path = "PinCodeViewController+Timer.swift"; sourceTree = "<group>"; };
		E98C382423F149F30010BBC1 /* PinCodeViewController.xib */ = {isa = PBXFileReference; fileEncoding = 4; lastKnownFileType = file.xib; path = PinCodeViewController.xib; sourceTree = "<group>"; };
		E98C382823F173480010BBC1 /* ClearButtonWithDashedUnderline.swift */ = {isa = PBXFileReference; lastKnownFileType = sourcecode.swift; path = ClearButtonWithDashedUnderline.swift; sourceTree = "<group>"; };
		E98C382C23F180530010BBC1 /* TopRoundedView.swift */ = {isa = PBXFileReference; fileEncoding = 4; lastKnownFileType = sourcecode.swift; path = TopRoundedView.swift; sourceTree = "<group>"; };
		E98C383023F181610010BBC1 /* AuthByContractNumViewModel.swift */ = {isa = PBXFileReference; lastKnownFileType = sourcecode.swift; path = AuthByContractNumViewModel.swift; sourceTree = "<group>"; };
		E99EA6B823EA9D4400BECEE6 /* InputPhoneNumberViewController.swift */ = {isa = PBXFileReference; lastKnownFileType = sourcecode.swift; path = InputPhoneNumberViewController.swift; sourceTree = "<group>"; };
		E99EA6B923EA9D4400BECEE6 /* InputPhoneNumberViewController.xib */ = {isa = PBXFileReference; lastKnownFileType = file.xib; path = InputPhoneNumberViewController.xib; sourceTree = "<group>"; };
		E99EA6BF23EAA70900BECEE6 /* SourceSansPro-Regular.ttf */ = {isa = PBXFileReference; lastKnownFileType = file; path = "SourceSansPro-Regular.ttf"; sourceTree = "<group>"; };
		E99EA6C023EAA71C00BECEE6 /* SourceSansPro-SemiBold.ttf */ = {isa = PBXFileReference; lastKnownFileType = file; path = "SourceSansPro-SemiBold.ttf"; sourceTree = "<group>"; };
		E99EA6C123EAA72800BECEE6 /* SourceSansPro-Bold.ttf */ = {isa = PBXFileReference; lastKnownFileType = file; path = "SourceSansPro-Bold.ttf"; sourceTree = "<group>"; };
		E99EA6C223EAA97900BECEE6 /* InputPhoneNumberViewModel.swift */ = {isa = PBXFileReference; lastKnownFileType = sourcecode.swift; path = InputPhoneNumberViewModel.swift; sourceTree = "<group>"; };
		E99EA6C623EACD3900BECEE6 /* PhoneTextField.xib */ = {isa = PBXFileReference; lastKnownFileType = file.xib; path = PhoneTextField.xib; sourceTree = "<group>"; };
		E99EA6C823EACD4B00BECEE6 /* PhoneTextField.swift */ = {isa = PBXFileReference; lastKnownFileType = sourcecode.swift; path = PhoneTextField.swift; sourceTree = "<group>"; };
		E99EA6CE23EAD2BB00BECEE6 /* NumberFieldView.xib */ = {isa = PBXFileReference; lastKnownFileType = file.xib; path = NumberFieldView.xib; sourceTree = "<group>"; };
		E99EA6D023EAD2CE00BECEE6 /* NumberFieldView.swift */ = {isa = PBXFileReference; lastKnownFileType = sourcecode.swift; path = NumberFieldView.swift; sourceTree = "<group>"; };
		E9A4D47923EC04EF0070A591 /* IncomingCallViewController.xib */ = {isa = PBXFileReference; fileEncoding = 4; lastKnownFileType = file.xib; path = IncomingCallViewController.xib; sourceTree = "<group>"; };
		E9A4D47B23EC19110070A591 /* Constants.swift */ = {isa = PBXFileReference; lastKnownFileType = sourcecode.swift; path = Constants.swift; sourceTree = "<group>"; };
		E9A4D48223EC229F0070A591 /* PinCodeViewModel.swift */ = {isa = PBXFileReference; lastKnownFileType = sourcecode.swift; path = PinCodeViewModel.swift; sourceTree = "<group>"; };
		E9A4D48923EC27E20070A591 /* PinNumberField.swift */ = {isa = PBXFileReference; lastKnownFileType = sourcecode.swift; path = PinNumberField.swift; sourceTree = "<group>"; };
		E9A4D48B23EC28760070A591 /* PinNumberField.xib */ = {isa = PBXFileReference; lastKnownFileType = file.xib; path = PinNumberField.xib; sourceTree = "<group>"; };
		E9A4D48E23EC2A6B0070A591 /* PinTextField.swift */ = {isa = PBXFileReference; lastKnownFileType = sourcecode.swift; path = PinTextField.swift; sourceTree = "<group>"; };
		E9A4D49023EC2A780070A591 /* PinTextField.xib */ = {isa = PBXFileReference; lastKnownFileType = file.xib; path = PinTextField.xib; sourceTree = "<group>"; };
		E9A4D49323EC2CC10070A591 /* PinCodeViewController.swift */ = {isa = PBXFileReference; fileEncoding = 4; lastKnownFileType = sourcecode.swift; path = PinCodeViewController.swift; sourceTree = "<group>"; };
		E9A4D49923EC3E200070A591 /* BlueButton.swift */ = {isa = PBXFileReference; lastKnownFileType = sourcecode.swift; path = BlueButton.swift; sourceTree = "<group>"; };
		E9A4D49E23ED4E900070A591 /* PinCodeViewController+Timer.swift */ = {isa = PBXFileReference; lastKnownFileType = sourcecode.swift; path = "PinCodeViewController+Timer.swift"; sourceTree = "<group>"; };
		E9A4D4A023ED6FC20070A591 /* SmartYardTextField.swift */ = {isa = PBXFileReference; fileEncoding = 4; lastKnownFileType = sourcecode.swift; path = SmartYardTextField.swift; sourceTree = "<group>"; };
		E9A4D4A223ED75D20070A591 /* AuthByContractNumViewController.swift */ = {isa = PBXFileReference; lastKnownFileType = sourcecode.swift; path = AuthByContractNumViewController.swift; sourceTree = "<group>"; };
		E9A4D4A323ED75D20070A591 /* AuthByContractNumViewController.xib */ = {isa = PBXFileReference; lastKnownFileType = file.xib; path = AuthByContractNumViewController.xib; sourceTree = "<group>"; };
		E9A4D4A723ED9C110070A591 /* WhiteButtonWithBorder.swift */ = {isa = PBXFileReference; lastKnownFileType = sourcecode.swift; path = WhiteButtonWithBorder.swift; sourceTree = "<group>"; };
		F8D255556B627C2FE5C0A0C1 /* Pods-SmartYard.release.xcconfig */ = {isa = PBXFileReference; includeInIndex = 1; lastKnownFileType = text.xcconfig; name = "Pods-SmartYard.release.xcconfig"; path = "Target Support Files/Pods-SmartYard/Pods-SmartYard.release.xcconfig"; sourceTree = "<group>"; };
/* End PBXFileReference section */

/* Begin PBXFrameworksBuildPhase section */
		84F840CF23E07DA5008DBE50 /* Frameworks */ = {
			isa = PBXFrameworksBuildPhase;
			buildActionMask = 2147483647;
			files = (
				85E437EBD8028F17EA854687 /* Pods_SmartYard.framework in Frameworks */,
			);
			runOnlyForDeploymentPostprocessing = 0;
		};
/* End PBXFrameworksBuildPhase section */

/* Begin PBXGroup section */
		844AC37123E85C4A0066006D /* RequestCode */ = {
			isa = PBXGroup;
			children = (
				844AC37223E85C6A0066006D /* RequestCodeRequest.swift */,
			);
			path = RequestCode;
			sourceTree = "<group>";
		};
		844AC37823E8619A0066006D /* GetVerifyedAddresses */ = {
			isa = PBXGroup;
			children = (
				844AC37B23E861C50066006D /* GetVerifyedAddressesRequest.swift */,
				844AC37D23E861D10066006D /* GetVerifyedAddressesResponseData.swift */,
			);
			path = GetVerifyedAddresses;
			sourceTree = "<group>";
		};
		844AC37F23E8636D0066006D /* ConfirmCode */ = {
			isa = PBXGroup;
			children = (
				844AC38023E8637B0066006D /* ConfirmCodeRequest.swift */,
				844AC38223E8641B0066006D /* ConfirmCodeResponseData.swift */,
			);
			path = ConfirmCode;
			sourceTree = "<group>";
		};
		844AC38423E8651B0066006D /* Login */ = {
			isa = PBXGroup;
			children = (
				844AC38523E865260066006D /* LoginRequest.swift */,
				844AC38723E8652F0066006D /* LoginResponseData.swift */,
			);
			path = Login;
			sourceTree = "<group>";
		};
		844AC38923E866630066006D /* RegisterToken */ = {
			isa = PBXGroup;
			children = (
				844AC38A23E866710066006D /* RegisterTokenRequest.swift */,
			);
			path = RegisterToken;
			sourceTree = "<group>";
		};
		844AC38C23E867720066006D /* IntercomToken */ = {
			isa = PBXGroup;
			children = (
				844AC38D23E867840066006D /* IntercomTokenRequest.swift */,
				844AC38F23E867950066006D /* IntercomTokenResponseData.swift */,
			);
			path = IntercomToken;
			sourceTree = "<group>";
		};
		844AC39323E9776F0066006D /* AccessService */ = {
			isa = PBXGroup;
			children = (
				844AC39423E977810066006D /* AccessService.swift */,
			);
			path = AccessService;
			sourceTree = "<group>";
		};
		844AC39823E979AB0066006D /* Models */ = {
			isa = PBXGroup;
			children = (
				844AC39623E9788D0066006D /* APIAddress.swift */,
				84AA8D5A23E2CEC5001B3B43 /* BaseAPIResponse.swift */,
				844AC39123E872F80066006D /* EmptyAPIResponseData.swift */,
			);
			path = Models;
			sourceTree = "<group>";
		};
		844AC39923E979BA0066006D /* Requests */ = {
			isa = PBXGroup;
			children = (
				844AC37F23E8636D0066006D /* ConfirmCode */,
				844AC37823E8619A0066006D /* GetVerifyedAddresses */,
				844AC38423E8651B0066006D /* Login */,
				844AC38C23E867720066006D /* IntercomToken */,
				844AC38923E866630066006D /* RegisterToken */,
				844AC37123E85C4A0066006D /* RequestCode */,
			);
			path = Requests;
			sourceTree = "<group>";
		};
		844AC39A23E9871F0066006D /* IncomingCall */ = {
			isa = PBXGroup;
			children = (
				844AC40223EC220C0066006D /* View */,
				844AC40323EC22100066006D /* ViewModel */,
				844AC40423EC22140066006D /* Entries */,
			);
			path = IncomingCall;
			sourceTree = "<group>";
		};
		844AC3B423EB0FD80066006D /* UserName */ = {
			isa = PBXGroup;
			children = (
				844AC40123EC22030066006D /* View */,
				844AC40023EC21FC0066006D /* ViewModel */,
			);
			path = UserName;
			sourceTree = "<group>";
		};
		844AC3BF23EB17000066006D /* UI */ = {
			isa = PBXGroup;
			children = (
				E98C382723F173130010BBC1 /* ClearButtonWithDashedUnderline */,
				E9A4D49823EC3DD00070A591 /* BlueButton */,
				E9A4D49B23EC424D0070A591 /* SmartYardTextField */,
				E99EA6CD23EAD29500BECEE6 /* NumberFields */,
				E99EA6C523EACCD200BECEE6 /* PhoneTextField */,
				84CC15E023EC7FAB00A1CB95 /* CustomBorderCollectionViewCell.swift */,
				84CC15EB23ED682C00A1CB95 /* CustomTabBarController.xib */,
				84CC15E223EC86D900A1CB95 /* ObjectLockButton.swift */,
				E9A4D48D23EC2A510070A591 /* PinTextField */,
				E99EA6CC23EAD0C800BECEE6 /* RoundedView */,
				E9A4D4A623ED9BED0070A591 /* WhiteButtonWithBorder */,
			);
			path = UI;
			sourceTree = "<group>";
		};
		844AC3C623EBFC240066006D /* MainTabBar */ = {
			isa = PBXGroup;
			children = (
				844AC3C723EBFC4B0066006D /* MainTabBarCoordinator.swift */,
				844AC3C923EBFCC00066006D /* Home */,
				844AC3CA23EBFCC50066006D /* Chat */,
				844AC3CB23EBFCCA0066006D /* Payments */,
				844AC3CC23EBFCCF0066006D /* Settings */,
			);
			path = MainTabBar;
			sourceTree = "<group>";
		};
		844AC3C923EBFCC00066006D /* Home */ = {
			isa = PBXGroup;
			children = (
				844AC3CE23EBFD220066006D /* HomeCoordinator.swift */,
				844AC3CD23EBFD0A0066006D /* AddressesList */,
			);
			path = Home;
			sourceTree = "<group>";
		};
		844AC3CA23EBFCC50066006D /* Chat */ = {
			isa = PBXGroup;
			children = (
				844AC3D723EBFE060066006D /* ChatCoordinator.swift */,
				844AC3D623EBFDFA0066006D /* Main */,
			);
			path = Chat;
			sourceTree = "<group>";
		};
		844AC3CB23EBFCCA0066006D /* Payments */ = {
			isa = PBXGroup;
			children = (
				844AC3EC23EBFF0E0066006D /* PaymentsCoordinator.swift */,
				844AC3E323EBFE9D0066006D /* Main */,
			);
			path = Payments;
			sourceTree = "<group>";
		};
		844AC3CC23EBFCCF0066006D /* Settings */ = {
			isa = PBXGroup;
			children = (
				844AC3EE23EBFF5E0066006D /* SettingsCoordinator.swift */,
				844AC3F023EBFF790066006D /* Main */,
			);
			path = Settings;
			sourceTree = "<group>";
		};
		844AC3CD23EBFD0A0066006D /* AddressesList */ = {
			isa = PBXGroup;
			children = (
				84CC15BD23EC31A300A1CB95 /* Entries */,
				844AC3DF23EBFE7E0066006D /* View */,
				844AC3E023EBFE810066006D /* ViewModel */,
			);
			path = AddressesList;
			sourceTree = "<group>";
		};
		844AC3D623EBFDFA0066006D /* Main */ = {
			isa = PBXGroup;
			children = (
				844AC3E123EBFE8E0066006D /* View */,
				844AC3E223EBFE920066006D /* ViewModel */,
			);
			path = Main;
			sourceTree = "<group>";
		};
		844AC3DF23EBFE7E0066006D /* View */ = {
			isa = PBXGroup;
			children = (
				84CC15D523EC412A00A1CB95 /* AddressesListViewController.swift */,
				844AC3D123EBFDA30066006D /* AddressesListViewController.xib */,
				84CC15BE23EC31D100A1CB95 /* Cells */,
			);
			path = View;
			sourceTree = "<group>";
		};
		844AC3E023EBFE810066006D /* ViewModel */ = {
			isa = PBXGroup;
			children = (
				844AC3D423EBFDAF0066006D /* AddressesListViewModel.swift */,
			);
			path = ViewModel;
			sourceTree = "<group>";
		};
		844AC3E123EBFE8E0066006D /* View */ = {
			isa = PBXGroup;
			children = (
				844AC3D923EBFE140066006D /* ChatViewController.swift */,
				844AC3DA23EBFE140066006D /* ChatViewController.xib */,
			);
			path = View;
			sourceTree = "<group>";
		};
		844AC3E223EBFE920066006D /* ViewModel */ = {
			isa = PBXGroup;
			children = (
				844AC3DD23EBFE1E0066006D /* ChatViewModel.swift */,
			);
			path = ViewModel;
			sourceTree = "<group>";
		};
		844AC3E323EBFE9D0066006D /* Main */ = {
			isa = PBXGroup;
			children = (
				844AC3E523EBFEB80066006D /* View */,
				844AC3E423EBFEB40066006D /* ViewModel */,
			);
			path = Main;
			sourceTree = "<group>";
		};
		844AC3E423EBFEB40066006D /* ViewModel */ = {
			isa = PBXGroup;
			children = (
				844AC3EA23EBFED20066006D /* PaymentsViewModel.swift */,
			);
			path = ViewModel;
			sourceTree = "<group>";
		};
		844AC3E523EBFEB80066006D /* View */ = {
			isa = PBXGroup;
			children = (
				844AC3E623EBFEC50066006D /* PaymentsViewController.swift */,
				844AC3E723EBFEC50066006D /* PaymentsViewController.xib */,
			);
			path = View;
			sourceTree = "<group>";
		};
		844AC3F023EBFF790066006D /* Main */ = {
			isa = PBXGroup;
			children = (
				844AC3F223EBFF830066006D /* View */,
				844AC3F123EBFF7F0066006D /* ViewModel */,
			);
			path = Main;
			sourceTree = "<group>";
		};
		844AC3F123EBFF7F0066006D /* ViewModel */ = {
			isa = PBXGroup;
			children = (
				844AC3F723EBFF9B0066006D /* SettingsViewModel.swift */,
			);
			path = ViewModel;
			sourceTree = "<group>";
		};
		844AC3F223EBFF830066006D /* View */ = {
			isa = PBXGroup;
			children = (
				84898A7E23F144D400E6B78E /* Cells */,
				844AC3F323EBFF900066006D /* SettingsViewController.swift */,
				844AC3F423EBFF900066006D /* SettingsViewController.xib */,
			);
			path = View;
			sourceTree = "<group>";
		};
		844AC40023EC21FC0066006D /* ViewModel */ = {
			isa = PBXGroup;
			children = (
				844AC3B923EB105A0066006D /* UserNameViewModel.swift */,
			);
			path = ViewModel;
			sourceTree = "<group>";
		};
		844AC40123EC22030066006D /* View */ = {
			isa = PBXGroup;
			children = (
				844AC3B523EB104E0066006D /* UserNameViewController.swift */,
				844AC3B623EB104E0066006D /* UserNameViewController.xib */,
			);
			path = View;
			sourceTree = "<group>";
		};
		844AC40223EC220C0066006D /* View */ = {
			isa = PBXGroup;
			children = (
				844AC39B23E987360066006D /* IncomingCallViewController.swift */,
				E9A4D47923EC04EF0070A591 /* IncomingCallViewController.xib */,
			);
			path = View;
			sourceTree = "<group>";
		};
		844AC40323EC22100066006D /* ViewModel */ = {
			isa = PBXGroup;
			children = (
				844AC39F23E987400066006D /* IncomingCallViewModel.swift */,
			);
			path = ViewModel;
			sourceTree = "<group>";
		};
		844AC40423EC22140066006D /* Entries */ = {
			isa = PBXGroup;
			children = (
				844AC3B023EAD0930066006D /* IncomingCallState.swift */,
				844AC3B223EAD09B0066006D /* IncomingCallDoorState.swift */,
			);
			path = Entries;
			sourceTree = "<group>";
		};
		84898A7E23F144D400E6B78E /* Cells */ = {
			isa = PBXGroup;
			children = (
				84898A8323F144FE00E6B78E /* HeaderCell */,
			);
			path = Cells;
			sourceTree = "<group>";
		};
		84898A8323F144FE00E6B78E /* HeaderCell */ = {
			isa = PBXGroup;
			children = (
				84898A7F23F144FA00E6B78E /* SettingsHeaderCell.swift */,
				84898A8023F144FA00E6B78E /* SettingsHeaderCell.xib */,
			);
			path = HeaderCell;
			sourceTree = "<group>";
		};
		84950CF723E431B700F3C550 /* Base Classes */ = {
			isa = PBXGroup;
			children = (
				84AA8D7C23E30C2B001B3B43 /* BaseViewController.swift */,
				84AA8D7E23E30C32001B3B43 /* BaseViewModel.swift */,
			);
			path = "Base Classes";
			sourceTree = "<group>";
		};
		84950CF823E431BD00F3C550 /* Animations */ = {
			isa = PBXGroup;
			children = (
				84950CF923E431CB00F3C550 /* Animation+Fade.swift */,
				84CC15EE23ED75B100A1CB95 /* TabBarTransitions.swift */,
			);
			path = Animations;
			sourceTree = "<group>";
		};
		84AA8D4423E2CD0C001B3B43 /* APIService */ = {
			isa = PBXGroup;
			children = (
				84AA8D4523E2CD3F001B3B43 /* APIService.swift */,
				84AA8D4723E2CD48001B3B43 /* APITarget.swift */,
				84AA8D5F23E2E622001B3B43 /* APIWrapper.swift */,
				84AA8D4923E2CD5E001B3B43 /* BaseRequestRetrier.swift */,
				844AC39823E979AB0066006D /* Models */,
				844AC39923E979BA0066006D /* Requests */,
			);
			path = APIService;
			sourceTree = "<group>";
		};
		84B9EC8523E0843D00979C39 /* Resources */ = {
			isa = PBXGroup;
			children = (
				84F840DC23E07DA5008DBE50 /* Assets.xcassets */,
				84B9EC9B23E089C500979C39 /* GoogleService-Info.plist */,
				84F840E123E07DA5008DBE50 /* Info.plist */,
				84B9EC9223E0884400979C39 /* linphonerc_default */,
				84B9EC9123E0884400979C39 /* linphonerc_factory */,
				84B9EC9D23E08BB100979C39 /* SmartYard.entitlements */,
				84B9EC9323E0884400979C39 /* SmartYard-Bridging-Header.h */,
				E99EA6BE23EAA6CE00BECEE6 /* Fonts */,
			);
			path = Resources;
			sourceTree = "<group>";
		};
		84B9EC8623E0844500979C39 /* Extensions */ = {
			isa = PBXGroup;
			children = (
				E98C382023F144E50010BBC1 /* UIColor+Extensions.swift */,
				84950CF523E41FD800F3C550 /* AccountCreator+Extensions.swift */,
				84CC15E823ED5E4B00A1CB95 /* CACornerMask+Extensions.swift */,
				844AC3C223EB1CCF0066006D /* NSAttributedString+Extensions.swift */,
				84AA8D6123E2E860001B3B43 /* NSError+Extensions.swift */,
				84B9EC8B23E085AE00979C39 /* Observable+Extensions.swift */,
				84AA8D6523E2F2A8001B3B43 /* TransportType+Extensions.swift */,
				844AC3BB23EB15ED0066006D /* UIFont+Extensions.swift */,
				844AC3AC23E9BBA50066006D /* UIImage+Extensions.swift */,
				844AC3C423EB1F840066006D /* UIView+Extensions.swift */,
			);
			path = Extensions;
			sourceTree = "<group>";
		};
		84B9EC8723E0844A00979C39 /* Helpers */ = {
			isa = PBXGroup;
			children = (
			);
			path = Helpers;
			sourceTree = "<group>";
		};
		84B9EC8823E0844E00979C39 /* Components */ = {
			isa = PBXGroup;
			children = (
				84950CF823E431BD00F3C550 /* Animations */,
				84950CF723E431B700F3C550 /* Base Classes */,
				844AC3BF23EB17000066006D /* UI */,
			);
			path = Components;
			sourceTree = "<group>";
		};
		84B9EC8923E0846400979C39 /* Services */ = {
			isa = PBXGroup;
			children = (
				844AC39323E9776F0066006D /* AccessService */,
				84AA8D4423E2CD0C001B3B43 /* APIService */,
				84B9EC9823E0886000979C39 /* LinphoneService */,
			);
			path = Services;
			sourceTree = "<group>";
		};
		84B9EC8A23E0846900979C39 /* Flows */ = {
			isa = PBXGroup;
			children = (
				84B9EC8D23E085DF00979C39 /* AppCoordinator.swift */,
				84F840DE23E07DA5008DBE50 /* LaunchScreen.storyboard */,
				E99EA6B623EA9CED00BECEE6 /* Login */,
				844AC3C623EBFC240066006D /* MainTabBar */,
				844AC3B423EB0FD80066006D /* UserName */,
				844AC39A23E9871F0066006D /* IncomingCall */,
			);
			path = Flows;
			sourceTree = "<group>";
		};
		84B9EC9823E0886000979C39 /* LinphoneService */ = {
			isa = PBXGroup;
			children = (
				84AA8D6923E2F359001B3B43 /* CallPayload.swift */,
				84B9EC8F23E0884400979C39 /* LinphoneDelegate.swift */,
				84B9EC9023E0884400979C39 /* LinphoneService.swift */,
				84B9EC9923E0888B00979C39 /* SipConfig.swift */,
			);
			path = LinphoneService;
			sourceTree = "<group>";
		};
		84CC15BD23EC31A300A1CB95 /* Entries */ = {
			isa = PBXGroup;
			children = (
				84CC15C823EC345800A1CB95 /* AddressesListDataItem.swift */,
				84CC15CA23EC350100A1CB95 /* AddressesListDataItemIdentity.swift */,
				84CC15E423EC999700A1CB95 /* AddressesListScrollingMode.swift */,
				84CC15CC23EC35D400A1CB95 /* AddressesListSectionModel.swift */,
				84CC15D723EC42E600A1CB95 /* DomophoneObjectType.swift */,
			);
			path = Entries;
			sourceTree = "<group>";
		};
		84CC15BE23EC31D100A1CB95 /* Cells */ = {
			isa = PBXGroup;
			children = (
				84CC15D923EC6A9300A1CB95 /* CameraCell */,
				84CC15CE23EC404F00A1CB95 /* ObjectCell */,
				84CC15BF23EC31FD00A1CB95 /* HeaderCell */,
			);
			path = Cells;
			sourceTree = "<group>";
		};
		84CC15BF23EC31FD00A1CB95 /* HeaderCell */ = {
			isa = PBXGroup;
			children = (
				84CC15D323EC40EE00A1CB95 /* AddressesListHeaderCell.swift */,
				84CC15C123EC321C00A1CB95 /* AddressesListHeaderCell.xib */,
			);
			path = HeaderCell;
			sourceTree = "<group>";
		};
		84CC15CE23EC404F00A1CB95 /* ObjectCell */ = {
			isa = PBXGroup;
			children = (
				84CC15CF23EC409500A1CB95 /* AddressesListObjectCell.swift */,
				84CC15D023EC409500A1CB95 /* AddressesListObjectCell.xib */,
			);
			path = ObjectCell;
			sourceTree = "<group>";
		};
		84CC15D923EC6A9300A1CB95 /* CameraCell */ = {
			isa = PBXGroup;
			children = (
				84CC15DA23EC6AA800A1CB95 /* AddressesListCameraCell.swift */,
				84CC15DB23EC6AA800A1CB95 /* AddressesListCameraCell.xib */,
			);
			path = CameraCell;
			sourceTree = "<group>";
		};
		84F840C923E07DA5008DBE50 = {
			isa = PBXGroup;
			children = (
				84F840D423E07DA5008DBE50 /* SmartYard */,
				84F840D323E07DA5008DBE50 /* Products */,
				B0B71A96C6C8995993C06C49 /* Pods */,
				9597597AA6C1CAECCA7D92F7 /* Frameworks */,
				E98C381D23F141E70010BBC1 /* Recovered References */,
			);
			sourceTree = "<group>";
		};
		84F840D323E07DA5008DBE50 /* Products */ = {
			isa = PBXGroup;
			children = (
				84F840D223E07DA5008DBE50 /* SmartYard.app */,
			);
			name = Products;
			sourceTree = "<group>";
		};
		84F840D423E07DA5008DBE50 /* SmartYard */ = {
			isa = PBXGroup;
			children = (
				84F840D523E07DA5008DBE50 /* AppDelegate.swift */,
				E9A4D47B23EC19110070A591 /* Constants.swift */,
				84B9EC8823E0844E00979C39 /* Components */,
				84B9EC8623E0844500979C39 /* Extensions */,
				84B9EC8723E0844A00979C39 /* Helpers */,
				84B9EC8923E0846400979C39 /* Services */,
				84B9EC8A23E0846900979C39 /* Flows */,
				84B9EC8523E0843D00979C39 /* Resources */,
			);
			path = SmartYard;
			sourceTree = "<group>";
		};
		9597597AA6C1CAECCA7D92F7 /* Frameworks */ = {
			isa = PBXGroup;
			children = (
				3264A75344A37C60971E215B /* Pods_SmartYard.framework */,
			);
			name = Frameworks;
			sourceTree = "<group>";
		};
		B0B71A96C6C8995993C06C49 /* Pods */ = {
			isa = PBXGroup;
			children = (
				66E82B501F734243E965E787 /* Pods-SmartYard.debug.xcconfig */,
				F8D255556B627C2FE5C0A0C1 /* Pods-SmartYard.release.xcconfig */,
			);
			path = Pods;
			sourceTree = "<group>";
		};
		E98C381D23F141E70010BBC1 /* Recovered References */ = {
			isa = PBXGroup;
			children = (
				E9A4D49E23ED4E900070A591 /* PinCodeViewController+Timer.swift */,
				E98C381E23F142A50010BBC1 /* UIColor+Extensions.swift */,
			);
			name = "Recovered References";
			sourceTree = "<group>";
		};
		E98C382723F173130010BBC1 /* ClearButtonWithDashedUnderline */ = {
			isa = PBXGroup;
			children = (
				E98C382823F173480010BBC1 /* ClearButtonWithDashedUnderline.swift */,
			);
			path = ClearButtonWithDashedUnderline;
			sourceTree = "<group>";
		};
		E98C382E23F1812C0010BBC1 /* AuthByContractNum */ = {
			isa = PBXGroup;
			children = (
				E9A4D4A223ED75D20070A591 /* AuthByContractNumViewController.swift */,
				E9A4D4A323ED75D20070A591 /* AuthByContractNumViewController.xib */,
				E98C383023F181610010BBC1 /* AuthByContractNumViewModel.swift */,
			);
			path = AuthByContractNum;
			sourceTree = "<group>";
		};
		E99EA6B623EA9CED00BECEE6 /* Login */ = {
			isa = PBXGroup;
			children = (
				E98C382E23F1812C0010BBC1 /* AuthByContractNum */,
				E99EA6B723EA9CF200BECEE6 /* InputPhoneNumber */,
				E9A4D48123EC22760070A591 /* InputPinCode */,
			);
			path = Login;
			sourceTree = "<group>";
		};
		E99EA6B723EA9CF200BECEE6 /* InputPhoneNumber */ = {
			isa = PBXGroup;
			children = (
				E99EA6B823EA9D4400BECEE6 /* InputPhoneNumberViewController.swift */,
				E99EA6C223EAA97900BECEE6 /* InputPhoneNumberViewModel.swift */,
				E99EA6B923EA9D4400BECEE6 /* InputPhoneNumberViewController.xib */,
			);
			path = InputPhoneNumber;
			sourceTree = "<group>";
		};
		E99EA6BE23EAA6CE00BECEE6 /* Fonts */ = {
			isa = PBXGroup;
			children = (
				E99EA6C123EAA72800BECEE6 /* SourceSansPro-Bold.ttf */,
				E99EA6C023EAA71C00BECEE6 /* SourceSansPro-SemiBold.ttf */,
				E99EA6BF23EAA70900BECEE6 /* SourceSansPro-Regular.ttf */,
			);
			path = Fonts;
			sourceTree = "<group>";
		};
		E99EA6C523EACCD200BECEE6 /* PhoneTextField */ = {
			isa = PBXGroup;
			children = (
				E99EA6C823EACD4B00BECEE6 /* PhoneTextField.swift */,
				E99EA6C623EACD3900BECEE6 /* PhoneTextField.xib */,
			);
			path = PhoneTextField;
			sourceTree = "<group>";
		};
		E99EA6CC23EAD0C800BECEE6 /* RoundedView */ = {
			isa = PBXGroup;
			children = (
				E98C382C23F180530010BBC1 /* TopRoundedView.swift */,
			);
			path = RoundedView;
			sourceTree = "<group>";
		};
		E99EA6CD23EAD29500BECEE6 /* NumberFields */ = {
			isa = PBXGroup;
			children = (
				E9A4D48823EC27BF0070A591 /* PinNumberField */,
				E9A4D48723EC27B10070A591 /* PhoneNumberField */,
			);
			path = NumberFields;
			sourceTree = "<group>";
		};
		E9A4D48123EC22760070A591 /* InputPinCode */ = {
			isa = PBXGroup;
			children = (
				E9A4D49323EC2CC10070A591 /* PinCodeViewController.swift */,
				E98C382223F1452D0010BBC1 /* PinCodeViewController+Timer.swift */,
				E98C382423F149F30010BBC1 /* PinCodeViewController.xib */,
				E9A4D48223EC229F0070A591 /* PinCodeViewModel.swift */,
			);
			path = InputPinCode;
			sourceTree = "<group>";
		};
		E9A4D48723EC27B10070A591 /* PhoneNumberField */ = {
			isa = PBXGroup;
			children = (
				E99EA6CE23EAD2BB00BECEE6 /* NumberFieldView.xib */,
				E99EA6D023EAD2CE00BECEE6 /* NumberFieldView.swift */,
			);
			path = PhoneNumberField;
			sourceTree = "<group>";
		};
		E9A4D48823EC27BF0070A591 /* PinNumberField */ = {
			isa = PBXGroup;
			children = (
				E9A4D48923EC27E20070A591 /* PinNumberField.swift */,
				E9A4D48B23EC28760070A591 /* PinNumberField.xib */,
			);
			path = PinNumberField;
			sourceTree = "<group>";
		};
		E9A4D48D23EC2A510070A591 /* PinTextField */ = {
			isa = PBXGroup;
			children = (
				E9A4D48E23EC2A6B0070A591 /* PinTextField.swift */,
				E9A4D49023EC2A780070A591 /* PinTextField.xib */,
			);
			path = PinTextField;
			sourceTree = "<group>";
		};
		E9A4D49823EC3DD00070A591 /* BlueButton */ = {
			isa = PBXGroup;
			children = (
				E9A4D49923EC3E200070A591 /* BlueButton.swift */,
			);
			path = BlueButton;
			sourceTree = "<group>";
		};
		E9A4D49B23EC424D0070A591 /* SmartYardTextField */ = {
			isa = PBXGroup;
			children = (
				E9A4D4A023ED6FC20070A591 /* SmartYardTextField.swift */,
			);
			path = SmartYardTextField;
			sourceTree = "<group>";
		};
		E9A4D4A623ED9BED0070A591 /* WhiteButtonWithBorder */ = {
			isa = PBXGroup;
			children = (
				E9A4D4A723ED9C110070A591 /* WhiteButtonWithBorder.swift */,
			);
			path = WhiteButtonWithBorder;
			sourceTree = "<group>";
		};
/* End PBXGroup section */

/* Begin PBXNativeTarget section */
		84F840D123E07DA5008DBE50 /* SmartYard */ = {
			isa = PBXNativeTarget;
			buildConfigurationList = 84F840E423E07DA5008DBE50 /* Build configuration list for PBXNativeTarget "SmartYard" */;
			buildPhases = (
				79EEE7229A112A3ECB59FC9E /* [CP] Check Pods Manifest.lock */,
				84F840CE23E07DA5008DBE50 /* Sources */,
				84F840CF23E07DA5008DBE50 /* Frameworks */,
				84F840D023E07DA5008DBE50 /* Resources */,
				C380D67DCFB48F949692107B /* [CP] Embed Pods Frameworks */,
				84B9ECA023E08DAD00979C39 /* Crashlytics */,
				58FA86B7B2CC8742E2CFDBCE /* [CP] Copy Pods Resources */,
				84B9EC9F23E08D7500979C39 /* SwiftLint */,
			);
			buildRules = (
			);
			dependencies = (
			);
			name = SmartYard;
			productName = SmartYard;
			productReference = 84F840D223E07DA5008DBE50 /* SmartYard.app */;
			productType = "com.apple.product-type.application";
		};
/* End PBXNativeTarget section */

/* Begin PBXProject section */
		84F840CA23E07DA5008DBE50 /* Project object */ = {
			isa = PBXProject;
			attributes = {
				LastSwiftUpdateCheck = 1030;
				LastUpgradeCheck = 1030;
				ORGANIZATIONNAME = "Mad Brains";
				TargetAttributes = {
					84F840D123E07DA5008DBE50 = {
						CreatedOnToolsVersion = 10.3;
						SystemCapabilities = {
							com.apple.Push = {
								enabled = 1;
							};
						};
					};
				};
			};
			buildConfigurationList = 84F840CD23E07DA5008DBE50 /* Build configuration list for PBXProject "SmartYard" */;
			compatibilityVersion = "Xcode 9.3";
			developmentRegion = en;
			hasScannedForEncodings = 0;
			knownRegions = (
				en,
				Base,
			);
			mainGroup = 84F840C923E07DA5008DBE50;
			productRefGroup = 84F840D323E07DA5008DBE50 /* Products */;
			projectDirPath = "";
			projectRoot = "";
			targets = (
				84F840D123E07DA5008DBE50 /* SmartYard */,
			);
		};
/* End PBXProject section */

/* Begin PBXResourcesBuildPhase section */
		84F840D023E07DA5008DBE50 /* Resources */ = {
			isa = PBXResourcesBuildPhase;
			buildActionMask = 2147483647;
			files = (
				E98C382523F149F30010BBC1 /* PinCodeViewController.xib in Resources */,
				844AC3B823EB104E0066006D /* UserNameViewController.xib in Resources */,
				E9A4D49123EC2A780070A591 /* PinTextField.xib in Resources */,
				E99EA6CF23EAD2BB00BECEE6 /* NumberFieldView.xib in Resources */,
				84B9EC9723E0884400979C39 /* linphonerc_default in Resources */,
				844AC3DC23EBFE140066006D /* ChatViewController.xib in Resources */,
				84F840E023E07DA5008DBE50 /* LaunchScreen.storyboard in Resources */,
				844AC3F623EBFF900066006D /* SettingsViewController.xib in Resources */,
				84B9EC9623E0884400979C39 /* linphonerc_factory in Resources */,
				84898A8223F144FA00E6B78E /* SettingsHeaderCell.xib in Resources */,
				84B9EC9C23E089C500979C39 /* GoogleService-Info.plist in Resources */,
				84CC15ED23ED682C00A1CB95 /* CustomTabBarController.xib in Resources */,
				E99EA6BB23EA9D4400BECEE6 /* InputPhoneNumberViewController.xib in Resources */,
				844AC3FD23EC08FF0066006D /* SourceSansPro-Bold.ttf in Resources */,
				84CC15C323EC321C00A1CB95 /* AddressesListHeaderCell.xib in Resources */,
				844AC3FF23EC09040066006D /* SourceSansPro-Regular.ttf in Resources */,
				E99EA6C723EACD3900BECEE6 /* PhoneTextField.xib in Resources */,
				844AC3FE23EC09020066006D /* SourceSansPro-SemiBold.ttf in Resources */,
				84CC15DD23EC6AA800A1CB95 /* AddressesListCameraCell.xib in Resources */,
				84898A7D23F13E5A00E6B78E /* AddressesListViewController.xib in Resources */,
				844AC3FC23EC08E50066006D /* IncomingCallViewController.xib in Resources */,
				E9A4D4A523ED75D20070A591 /* AuthByContractNumViewController.xib in Resources */,
				84CC15D223EC409500A1CB95 /* AddressesListObjectCell.xib in Resources */,
				84F840DD23E07DA5008DBE50 /* Assets.xcassets in Resources */,
				844AC3E923EBFEC50066006D /* PaymentsViewController.xib in Resources */,
				E9A4D48C23EC28760070A591 /* PinNumberField.xib in Resources */,
			);
			runOnlyForDeploymentPostprocessing = 0;
		};
/* End PBXResourcesBuildPhase section */

/* Begin PBXShellScriptBuildPhase section */
		58FA86B7B2CC8742E2CFDBCE /* [CP] Copy Pods Resources */ = {
			isa = PBXShellScriptBuildPhase;
			buildActionMask = 2147483647;
			files = (
			);
			inputFileListPaths = (
				"${PODS_ROOT}/Target Support Files/Pods-SmartYard/Pods-SmartYard-resources-${CONFIGURATION}-input-files.xcfilelist",
			);
			name = "[CP] Copy Pods Resources";
			outputFileListPaths = (
				"${PODS_ROOT}/Target Support Files/Pods-SmartYard/Pods-SmartYard-resources-${CONFIGURATION}-output-files.xcfilelist",
			);
			runOnlyForDeploymentPostprocessing = 0;
			shellPath = /bin/sh;
			shellScript = "\"${PODS_ROOT}/Target Support Files/Pods-SmartYard/Pods-SmartYard-resources.sh\"\n";
			showEnvVarsInLog = 0;
		};
		79EEE7229A112A3ECB59FC9E /* [CP] Check Pods Manifest.lock */ = {
			isa = PBXShellScriptBuildPhase;
			buildActionMask = 2147483647;
			files = (
			);
			inputFileListPaths = (
			);
			inputPaths = (
				"${PODS_PODFILE_DIR_PATH}/Podfile.lock",
				"${PODS_ROOT}/Manifest.lock",
			);
			name = "[CP] Check Pods Manifest.lock";
			outputFileListPaths = (
			);
			outputPaths = (
				"$(DERIVED_FILE_DIR)/Pods-SmartYard-checkManifestLockResult.txt",
			);
			runOnlyForDeploymentPostprocessing = 0;
			shellPath = /bin/sh;
			shellScript = "diff \"${PODS_PODFILE_DIR_PATH}/Podfile.lock\" \"${PODS_ROOT}/Manifest.lock\" > /dev/null\nif [ $? != 0 ] ; then\n    # print error to STDERR\n    echo \"error: The sandbox is not in sync with the Podfile.lock. Run 'pod install' or update your CocoaPods installation.\" >&2\n    exit 1\nfi\n# This output is used by Xcode 'outputs' to avoid re-running this script phase.\necho \"SUCCESS\" > \"${SCRIPT_OUTPUT_FILE_0}\"\n";
			showEnvVarsInLog = 0;
		};
		84B9EC9F23E08D7500979C39 /* SwiftLint */ = {
			isa = PBXShellScriptBuildPhase;
			buildActionMask = 2147483647;
			files = (
			);
			inputFileListPaths = (
			);
			inputPaths = (
			);
			name = SwiftLint;
			outputFileListPaths = (
			);
			outputPaths = (
			);
			runOnlyForDeploymentPostprocessing = 0;
			shellPath = /bin/sh;
			shellScript = "\"${PODS_ROOT}/SwiftLint/swiftlint\"\n";
		};
		84B9ECA023E08DAD00979C39 /* Crashlytics */ = {
			isa = PBXShellScriptBuildPhase;
			buildActionMask = 2147483647;
			files = (
			);
			inputFileListPaths = (
			);
			inputPaths = (
			);
			name = Crashlytics;
			outputFileListPaths = (
			);
			outputPaths = (
			);
			runOnlyForDeploymentPostprocessing = 0;
			shellPath = /bin/sh;
			shellScript = "\"${PODS_ROOT}/Fabric/run\"\n";
		};
		C380D67DCFB48F949692107B /* [CP] Embed Pods Frameworks */ = {
			isa = PBXShellScriptBuildPhase;
			buildActionMask = 2147483647;
			files = (
			);
			inputFileListPaths = (
				"${PODS_ROOT}/Target Support Files/Pods-SmartYard/Pods-SmartYard-frameworks-${CONFIGURATION}-input-files.xcfilelist",
			);
			name = "[CP] Embed Pods Frameworks";
			outputFileListPaths = (
				"${PODS_ROOT}/Target Support Files/Pods-SmartYard/Pods-SmartYard-frameworks-${CONFIGURATION}-output-files.xcfilelist",
			);
			runOnlyForDeploymentPostprocessing = 0;
			shellPath = /bin/sh;
			shellScript = "\"${PODS_ROOT}/Target Support Files/Pods-SmartYard/Pods-SmartYard-frameworks.sh\"\n";
			showEnvVarsInLog = 0;
		};
/* End PBXShellScriptBuildPhase section */

/* Begin PBXSourcesBuildPhase section */
		84F840CE23E07DA5008DBE50 /* Sources */ = {
			isa = PBXSourcesBuildPhase;
			buildActionMask = 2147483647;
			files = (
				844AC3C823EBFC4B0066006D /* MainTabBarCoordinator.swift in Sources */,
				844AC3C523EB1F840066006D /* UIView+Extensions.swift in Sources */,
				84AA8D6223E2E860001B3B43 /* NSError+Extensions.swift in Sources */,
				E98C382323F1452D0010BBC1 /* PinCodeViewController+Timer.swift in Sources */,
				844AC3B323EAD09B0066006D /* IncomingCallDoorState.swift in Sources */,
				844AC37E23E861D10066006D /* GetVerifyedAddressesResponseData.swift in Sources */,
				84B9EC9523E0884400979C39 /* LinphoneService.swift in Sources */,
				844AC38823E8652F0066006D /* LoginResponseData.swift in Sources */,
				844AC39023E867950066006D /* IntercomTokenResponseData.swift in Sources */,
				84CC15CD23EC35D400A1CB95 /* AddressesListSectionModel.swift in Sources */,
				84AA8D6623E2F2A8001B3B43 /* TransportType+Extensions.swift in Sources */,
				844AC37C23E861C50066006D /* GetVerifyedAddressesRequest.swift in Sources */,
				844AC3EF23EBFF5E0066006D /* SettingsCoordinator.swift in Sources */,
				84AA8D4623E2CD3F001B3B43 /* APIService.swift in Sources */,
				E9A4D4A823ED9C110070A591 /* WhiteButtonWithBorder.swift in Sources */,
				E9A4D4A123ED6FC20070A591 /* SmartYardTextField.swift in Sources */,
				84AA8D7D23E30C2B001B3B43 /* BaseViewController.swift in Sources */,
				844AC3ED23EBFF0E0066006D /* PaymentsCoordinator.swift in Sources */,
				844AC3BC23EB15ED0066006D /* UIFont+Extensions.swift in Sources */,
				E99EA6D123EAD2CE00BECEE6 /* NumberFieldView.swift in Sources */,
				844AC38123E8637B0066006D /* ConfirmCodeRequest.swift in Sources */,
				E9A4D49523EC2CC20070A591 /* PinCodeViewController.swift in Sources */,
				E99EA6C923EACD4B00BECEE6 /* PhoneTextField.swift in Sources */,
				84B9EC8E23E085DF00979C39 /* AppCoordinator.swift in Sources */,
				E98C383123F181610010BBC1 /* AuthByContractNumViewModel.swift in Sources */,
				844AC38E23E867840066006D /* IntercomTokenRequest.swift in Sources */,
				84CC15C923EC345800A1CB95 /* AddressesListDataItem.swift in Sources */,
				844AC39723E9788D0066006D /* APIAddress.swift in Sources */,
				844AC38323E8641B0066006D /* ConfirmCodeResponseData.swift in Sources */,
				E9A4D4A423ED75D20070A591 /* AuthByContractNumViewController.swift in Sources */,
				84AA8D5B23E2CEC5001B3B43 /* BaseAPIResponse.swift in Sources */,
				84AA8D4823E2CD48001B3B43 /* APITarget.swift in Sources */,
				844AC3D523EBFDAF0066006D /* AddressesListViewModel.swift in Sources */,
				844AC39523E977810066006D /* AccessService.swift in Sources */,
				844AC3CF23EBFD220066006D /* HomeCoordinator.swift in Sources */,
				84950CFA23E431CB00F3C550 /* Animation+Fade.swift in Sources */,
				E9A4D47C23EC19110070A591 /* Constants.swift in Sources */,
				84950CF623E41FD800F3C550 /* AccountCreator+Extensions.swift in Sources */,
				844AC3BA23EB105A0066006D /* UserNameViewModel.swift in Sources */,
				E9A4D49A23EC3E200070A591 /* BlueButton.swift in Sources */,
				E99EA6BA23EA9D4400BECEE6 /* InputPhoneNumberViewController.swift in Sources */,
				84B9EC9A23E0888B00979C39 /* SipConfig.swift in Sources */,
				844AC3F823EBFF9B0066006D /* SettingsViewModel.swift in Sources */,
				E9A4D48A23EC27E20070A591 /* PinNumberField.swift in Sources */,
				844AC38B23E866710066006D /* RegisterTokenRequest.swift in Sources */,
				E98C382D23F180530010BBC1 /* TopRoundedView.swift in Sources */,
				E9A4D48323EC229F0070A591 /* PinCodeViewModel.swift in Sources */,
				E9A4D48F23EC2A6B0070A591 /* PinTextField.swift in Sources */,
				844AC37323E85C6A0066006D /* RequestCodeRequest.swift in Sources */,
				84AA8D4A23E2CD5E001B3B43 /* BaseRequestRetrier.swift in Sources */,
				84898A7C23F13E4700E6B78E /* AddressesListViewController.swift in Sources */,
				84B9EC9423E0884400979C39 /* LinphoneDelegate.swift in Sources */,
				84B9EC8C23E085AE00979C39 /* Observable+Extensions.swift in Sources */,
				84AA8D7F23E30C32001B3B43 /* BaseViewModel.swift in Sources */,
				84CC15CB23EC350100A1CB95 /* AddressesListDataItemIdentity.swift in Sources */,
				844AC3DB23EBFE140066006D /* ChatViewController.swift in Sources */,
				84CC15E123EC7FAB00A1CB95 /* CustomBorderCollectionViewCell.swift in Sources */,
				844AC38623E865260066006D /* LoginRequest.swift in Sources */,
				844AC3A023E987400066006D /* IncomingCallViewModel.swift in Sources */,
				844AC39223E872F80066006D /* EmptyAPIResponseData.swift in Sources */,
				84AA8D6023E2E622001B3B43 /* APIWrapper.swift in Sources */,
				844AC3B723EB104E0066006D /* UserNameViewController.swift in Sources */,
				84CC15E923ED5E4B00A1CB95 /* CACornerMask+Extensions.swift in Sources */,
				844AC3B123EAD0930066006D /* IncomingCallState.swift in Sources */,
				84AA8D6A23E2F359001B3B43 /* CallPayload.swift in Sources */,
				844AC3DE23EBFE1E0066006D /* ChatViewModel.swift in Sources */,
				844AC3AD23E9BBA50066006D /* UIImage+Extensions.swift in Sources */,
				E98C382123F144E50010BBC1 /* UIColor+Extensions.swift in Sources */,
				844AC3E823EBFEC50066006D /* PaymentsViewController.swift in Sources */,
				E98C382923F173480010BBC1 /* ClearButtonWithDashedUnderline.swift in Sources */,
				844AC3C323EB1CCF0066006D /* NSAttributedString+Extensions.swift in Sources */,
				844AC39D23E987360066006D /* IncomingCallViewController.swift in Sources */,
				844AC3EB23EBFED20066006D /* PaymentsViewModel.swift in Sources */,
				84898A8123F144FA00E6B78E /* SettingsHeaderCell.swift in Sources */,
				844AC3D823EBFE060066006D /* ChatCoordinator.swift in Sources */,
				84F840D623E07DA5008DBE50 /* AppDelegate.swift in Sources */,
				E99EA6C323EAA97900BECEE6 /* InputPhoneNumberViewModel.swift in Sources */,
				844AC3F523EBFF900066006D /* SettingsViewController.swift in Sources */,
				84CC15E523EC999700A1CB95 /* AddressesListScrollingMode.swift in Sources */,
				84CC15E323EC86D900A1CB95 /* ObjectLockButton.swift in Sources */,
				84CC15D823EC42E600A1CB95 /* DomophoneObjectType.swift in Sources */,
				84CC15EF23ED75B100A1CB95 /* TabBarTransitions.swift in Sources */,
				84CC15D123EC409500A1CB95 /* AddressesListObjectCell.swift in Sources */,
				84CC15D423EC40EE00A1CB95 /* AddressesListHeaderCell.swift in Sources */,
				84CC15DC23EC6AA800A1CB95 /* AddressesListCameraCell.swift in Sources */,
			);
			runOnlyForDeploymentPostprocessing = 0;
		};
/* End PBXSourcesBuildPhase section */

/* Begin PBXVariantGroup section */
		84F840DE23E07DA5008DBE50 /* LaunchScreen.storyboard */ = {
			isa = PBXVariantGroup;
			children = (
				84F840DF23E07DA5008DBE50 /* Base */,
			);
			name = LaunchScreen.storyboard;
			sourceTree = "<group>";
		};
/* End PBXVariantGroup section */

/* Begin XCBuildConfiguration section */
		84F840E223E07DA5008DBE50 /* Debug */ = {
			isa = XCBuildConfiguration;
			buildSettings = {
				ALWAYS_SEARCH_USER_PATHS = NO;
				CLANG_ANALYZER_NONNULL = YES;
				CLANG_ANALYZER_NUMBER_OBJECT_CONVERSION = YES_AGGRESSIVE;
				CLANG_CXX_LANGUAGE_STANDARD = "gnu++14";
				CLANG_CXX_LIBRARY = "libc++";
				CLANG_ENABLE_MODULES = YES;
				CLANG_ENABLE_OBJC_ARC = YES;
				CLANG_ENABLE_OBJC_WEAK = YES;
				CLANG_WARN_BLOCK_CAPTURE_AUTORELEASING = YES;
				CLANG_WARN_BOOL_CONVERSION = YES;
				CLANG_WARN_COMMA = YES;
				CLANG_WARN_CONSTANT_CONVERSION = YES;
				CLANG_WARN_DEPRECATED_OBJC_IMPLEMENTATIONS = YES;
				CLANG_WARN_DIRECT_OBJC_ISA_USAGE = YES_ERROR;
				CLANG_WARN_DOCUMENTATION_COMMENTS = YES;
				CLANG_WARN_EMPTY_BODY = YES;
				CLANG_WARN_ENUM_CONVERSION = YES;
				CLANG_WARN_INFINITE_RECURSION = YES;
				CLANG_WARN_INT_CONVERSION = YES;
				CLANG_WARN_NON_LITERAL_NULL_CONVERSION = YES;
				CLANG_WARN_OBJC_IMPLICIT_RETAIN_SELF = YES;
				CLANG_WARN_OBJC_LITERAL_CONVERSION = YES;
				CLANG_WARN_OBJC_ROOT_CLASS = YES_ERROR;
				CLANG_WARN_RANGE_LOOP_ANALYSIS = YES;
				CLANG_WARN_STRICT_PROTOTYPES = YES;
				CLANG_WARN_SUSPICIOUS_MOVE = YES;
				CLANG_WARN_UNGUARDED_AVAILABILITY = YES_AGGRESSIVE;
				CLANG_WARN_UNREACHABLE_CODE = YES;
				CLANG_WARN__DUPLICATE_METHOD_MATCH = YES;
				CODE_SIGN_IDENTITY = "iPhone Developer";
				COPY_PHASE_STRIP = NO;
				DEBUG_INFORMATION_FORMAT = dwarf;
				ENABLE_STRICT_OBJC_MSGSEND = YES;
				ENABLE_TESTABILITY = YES;
				GCC_C_LANGUAGE_STANDARD = gnu11;
				GCC_DYNAMIC_NO_PIC = NO;
				GCC_NO_COMMON_BLOCKS = YES;
				GCC_OPTIMIZATION_LEVEL = 0;
				GCC_PREPROCESSOR_DEFINITIONS = (
					"DEBUG=1",
					"$(inherited)",
				);
				GCC_WARN_64_TO_32_BIT_CONVERSION = YES;
				GCC_WARN_ABOUT_RETURN_TYPE = YES_ERROR;
				GCC_WARN_UNDECLARED_SELECTOR = YES;
				GCC_WARN_UNINITIALIZED_AUTOS = YES_AGGRESSIVE;
				GCC_WARN_UNUSED_FUNCTION = YES;
				GCC_WARN_UNUSED_VARIABLE = YES;
				IPHONEOS_DEPLOYMENT_TARGET = 12.4;
				MTL_ENABLE_DEBUG_INFO = INCLUDE_SOURCE;
				MTL_FAST_MATH = YES;
				ONLY_ACTIVE_ARCH = YES;
				SDKROOT = iphoneos;
				SWIFT_ACTIVE_COMPILATION_CONDITIONS = DEBUG;
				SWIFT_OPTIMIZATION_LEVEL = "-Onone";
			};
			name = Debug;
		};
		84F840E323E07DA5008DBE50 /* Release */ = {
			isa = XCBuildConfiguration;
			buildSettings = {
				ALWAYS_SEARCH_USER_PATHS = NO;
				CLANG_ANALYZER_NONNULL = YES;
				CLANG_ANALYZER_NUMBER_OBJECT_CONVERSION = YES_AGGRESSIVE;
				CLANG_CXX_LANGUAGE_STANDARD = "gnu++14";
				CLANG_CXX_LIBRARY = "libc++";
				CLANG_ENABLE_MODULES = YES;
				CLANG_ENABLE_OBJC_ARC = YES;
				CLANG_ENABLE_OBJC_WEAK = YES;
				CLANG_WARN_BLOCK_CAPTURE_AUTORELEASING = YES;
				CLANG_WARN_BOOL_CONVERSION = YES;
				CLANG_WARN_COMMA = YES;
				CLANG_WARN_CONSTANT_CONVERSION = YES;
				CLANG_WARN_DEPRECATED_OBJC_IMPLEMENTATIONS = YES;
				CLANG_WARN_DIRECT_OBJC_ISA_USAGE = YES_ERROR;
				CLANG_WARN_DOCUMENTATION_COMMENTS = YES;
				CLANG_WARN_EMPTY_BODY = YES;
				CLANG_WARN_ENUM_CONVERSION = YES;
				CLANG_WARN_INFINITE_RECURSION = YES;
				CLANG_WARN_INT_CONVERSION = YES;
				CLANG_WARN_NON_LITERAL_NULL_CONVERSION = YES;
				CLANG_WARN_OBJC_IMPLICIT_RETAIN_SELF = YES;
				CLANG_WARN_OBJC_LITERAL_CONVERSION = YES;
				CLANG_WARN_OBJC_ROOT_CLASS = YES_ERROR;
				CLANG_WARN_RANGE_LOOP_ANALYSIS = YES;
				CLANG_WARN_STRICT_PROTOTYPES = YES;
				CLANG_WARN_SUSPICIOUS_MOVE = YES;
				CLANG_WARN_UNGUARDED_AVAILABILITY = YES_AGGRESSIVE;
				CLANG_WARN_UNREACHABLE_CODE = YES;
				CLANG_WARN__DUPLICATE_METHOD_MATCH = YES;
				CODE_SIGN_IDENTITY = "iPhone Developer";
				COPY_PHASE_STRIP = NO;
				DEBUG_INFORMATION_FORMAT = "dwarf-with-dsym";
				ENABLE_NS_ASSERTIONS = NO;
				ENABLE_STRICT_OBJC_MSGSEND = YES;
				GCC_C_LANGUAGE_STANDARD = gnu11;
				GCC_NO_COMMON_BLOCKS = YES;
				GCC_WARN_64_TO_32_BIT_CONVERSION = YES;
				GCC_WARN_ABOUT_RETURN_TYPE = YES_ERROR;
				GCC_WARN_UNDECLARED_SELECTOR = YES;
				GCC_WARN_UNINITIALIZED_AUTOS = YES_AGGRESSIVE;
				GCC_WARN_UNUSED_FUNCTION = YES;
				GCC_WARN_UNUSED_VARIABLE = YES;
				IPHONEOS_DEPLOYMENT_TARGET = 12.4;
				MTL_ENABLE_DEBUG_INFO = NO;
				MTL_FAST_MATH = YES;
				SDKROOT = iphoneos;
				SWIFT_COMPILATION_MODE = wholemodule;
				SWIFT_OPTIMIZATION_LEVEL = "-O";
				VALIDATE_PRODUCT = YES;
			};
			name = Release;
		};
		84F840E523E07DA5008DBE50 /* Debug */ = {
			isa = XCBuildConfiguration;
			baseConfigurationReference = 66E82B501F734243E965E787 /* Pods-SmartYard.debug.xcconfig */;
			buildSettings = {
				ASSETCATALOG_COMPILER_APPICON_NAME = AppIcon;
				CODE_SIGN_ENTITLEMENTS = SmartYard/Resources/SmartYard.entitlements;
				CODE_SIGN_STYLE = Automatic;
				DEBUG_INFORMATION_FORMAT = "dwarf-with-dsym";
				DEVELOPER_ACCOUNT = "alex10011997@gmail.com";
				DEVELOPMENT_TEAM = CDVQN43CHN;
				INFOPLIST_FILE = SmartYard/Resources/Info.plist;
				IPHONEOS_DEPLOYMENT_TARGET = 11.0;
				LD_RUNPATH_SEARCH_PATHS = (
					"$(inherited)",
					"@executable_path/Frameworks",
				);
				MATCH_PROV_PROFILE_TYPES = "";
				PRODUCT_BUNDLE_IDENTIFIER = ru.madbrains.smartyard;
				PRODUCT_NAME = "$(TARGET_NAME)";
				SWIFT_VERSION = 5.0;
				TARGETED_DEVICE_FAMILY = 1;
			};
			name = Debug;
		};
		84F840E623E07DA5008DBE50 /* Release */ = {
			isa = XCBuildConfiguration;
			baseConfigurationReference = F8D255556B627C2FE5C0A0C1 /* Pods-SmartYard.release.xcconfig */;
			buildSettings = {
				ASSETCATALOG_COMPILER_APPICON_NAME = AppIcon;
				CODE_SIGN_ENTITLEMENTS = SmartYard/Resources/SmartYard.entitlements;
				CODE_SIGN_IDENTITY = "iPhone Distribution";
				CODE_SIGN_STYLE = Manual;
				DEVELOPER_ACCOUNT = "alex10011997@gmail.com";
				DEVELOPMENT_TEAM = CDVQN43CHN;
				INFOPLIST_FILE = SmartYard/Resources/Info.plist;
				IPHONEOS_DEPLOYMENT_TARGET = 11.0;
				LD_RUNPATH_SEARCH_PATHS = (
					"$(inherited)",
					"@executable_path/Frameworks",
				);
				MATCH_PROV_PROFILE_TYPES = "adhoc,appstore";
				PRODUCT_BUNDLE_IDENTIFIER = ru.madbrains.smartyard;
				PRODUCT_NAME = "$(TARGET_NAME)";
				PROVISIONING_PROFILE_SPECIFIER = "match AdHoc ru.madbrains.smartyard";
				SWIFT_ACTIVE_COMPILATION_CONDITIONS = RELEASE;
				SWIFT_VERSION = 5.0;
				TARGETED_DEVICE_FAMILY = 1;
			};
			name = Release;
		};
/* End XCBuildConfiguration section */

/* Begin XCConfigurationList section */
		84F840CD23E07DA5008DBE50 /* Build configuration list for PBXProject "SmartYard" */ = {
			isa = XCConfigurationList;
			buildConfigurations = (
				84F840E223E07DA5008DBE50 /* Debug */,
				84F840E323E07DA5008DBE50 /* Release */,
			);
			defaultConfigurationIsVisible = 0;
			defaultConfigurationName = Release;
		};
		84F840E423E07DA5008DBE50 /* Build configuration list for PBXNativeTarget "SmartYard" */ = {
			isa = XCConfigurationList;
			buildConfigurations = (
				84F840E523E07DA5008DBE50 /* Debug */,
				84F840E623E07DA5008DBE50 /* Release */,
			);
			defaultConfigurationIsVisible = 0;
			defaultConfigurationName = Release;
		};
/* End XCConfigurationList section */
	};
	rootObject = 84F840CA23E07DA5008DBE50 /* Project object */;
}
